<Solution>
  <Configurations>
    <BuildType Name="Checked" />
    <BuildType Name="Debug" />
    <BuildType Name="Release" />
    <BuildType Name="RelWithDebInfo" />
    <Platform Name="Any CPU" />
    <Platform Name="ARM" />
    <Platform Name="ARM64" />
    <Platform Name="x64" />
    <Platform Name="x86" />
  </Configurations>
  <Folder Name="/tests/Debuggees/">
    <Project Path="src/tests/Debuggees/DivZero/DivZero.csproj"/>
    <Project Path="src/tests/Debuggees/DotnetDumpCommands/DotnetDumpCommands.csproj"/>
    <Project Path="src/tests/Debuggees/DynamicMethod/DynamicMethod.csproj"/>
    <Project Path="src/tests/Debuggees/EventPipeTracee/EventPipeTracee.csproj"/>
    <Project Path="src/tests/Debuggees/ExitCodeTracee/ExitCodeTracee.csproj"/>
    <Project Path="src/tests/Debuggees/GCPOH/GCPOH.csproj"/>
    <Project Path="src/tests/Debuggees/GCWhere/GCWhere.csproj"/>
    <Project Path="src/tests/Debuggees/LineNums/LineNums.csproj"/>
    <Project Path="src/tests/Debuggees/NestedExceptionTest/NestedExceptionTest.csproj"/>
    <Project Path="src/tests/Debuggees/Overflow/Overflow.csproj"/>
    <Project Path="src/tests/Debuggees/ReflectionTest/ReflectionTest.csproj"/>
    <Project Path="src/tests/Debuggees/SimpleDebuggee/SimpleDebuggee.csproj"/>
    <Project Path="src/tests/Debuggees/SimpleThrow/SimpleThrow.csproj"/>
    <Project Path="src/tests/Debuggees/StackTracee/StackTracee.csproj"/>
    <Project Path="src/tests/Debuggees/SymbolTestApp/SymbolTestApp/SymbolTestApp.csproj"/>
    <Project Path="src/tests/Debuggees/SymbolTestApp/SymbolTestDll/SymbolTestDll.csproj"/>
    <Project Path="src/tests/Debuggees/TaskNestedException/RandomUserLibrary/RandomUserLibrary.csproj"/>
    <Project Path="src/tests/Debuggees/TaskNestedException/TaskNestedException/TaskNestedException.csproj"/>
    <Project Path="src/tests/Debuggees/TestDebuggee/TestDebuggee.csproj"/>
    <Project Path="src/tests/Debuggees/Tracee/Tracee.csproj"/>
    <Project Path="src/tests/Debuggees/WebApp3/WebApp3.csproj"/>
  </Folder>
</Solution>
