
Microsoft Visual Studio Solution File, Format Version 12.00
# Visual Studio Version 16
VisualStudioVersion = 16.0.29019.234
MinimumVisualStudioVersion = 10.0.40219.1
Project("{9A19103F-16F7-4668-BE54-9A1E7A4F7556}") = "TestDebuggee", "src\SOS\lldbplugin.tests\TestDebuggee\TestDebuggee.csproj", "{6C43BE85-F8C3-4D76-8050-F25CE953A7FD}"
EndProject
Project("{2150E333-8FDC-42A3-9474-1A3956D46DE8}") = "SOS", "SOS", "{41638A4C-0DAF-47ED-A774-ECBBAC0315D7}"
EndProject
Project("{2150E333-8FDC-42A3-9474-1A3956D46DE8}") = "src", "src", "{19FAB78C-3351-4911-8F0C-8C6056401740}"
EndProject
Project("{2150E333-8FDC-42A3-9474-1A3956D46DE8}") = "Debuggees", "Debuggees", "{C3072949-6D24-451B-A308-2F3621F858B0}"
EndProject
Project("{9A19103F-16F7-4668-BE54-9A1E7A4F7556}") = "WebApp3", "src\SOS\SOS.UnitTests\Debuggees\WebApp3\WebApp3.csproj", "{252E5845-8D4C-4306-9D8F-ED2E2F7005F6}"
EndProject
Project("{9A19103F-16F7-4668-BE54-9A1E7A4F7556}") = "SimpleThrow", "src\SOS\SOS.UnitTests\Debuggees\SimpleThrow\SimpleThrow.csproj", "{179EF543-E30A-4428-ABA0-2E2621860173}"
EndProject
Project("{9A19103F-16F7-4668-BE54-9A1E7A4F7556}") = "DivZero", "src\SOS\SOS.UnitTests\Debuggees\DivZero\DivZero.csproj", "{447AC053-2E0A-4119-BD11-30A4A8E3F765}"
EndProject
Project("{9A19103F-16F7-4668-BE54-9A1E7A4F7556}") = "GCWhere", "src\SOS\SOS.UnitTests\Debuggees\GCWhere\GCWhere.csproj", "{664F46A9-3C99-489B-AAB9-4CD3A430C425}"
EndProject
Project("{9A19103F-16F7-4668-BE54-9A1E7A4F7556}") = "NestedExceptionTest", "src\SOS\SOS.UnitTests\Debuggees\NestedExceptionTest\NestedExceptionTest.csproj", "{0CB805C8-0B76-4B1D-8AAF-48535B180448}"
EndProject
Project("{9A19103F-16F7-4668-BE54-9A1E7A4F7556}") = "Overflow", "src\SOS\SOS.UnitTests\Debuggees\Overflow\Overflow.csproj", "{20251748-AA7B-45BE-ADAA-C9375F5CC80F}"
EndProject
Project("{9A19103F-16F7-4668-BE54-9A1E7A4F7556}") = "ReflectionTest", "src\SOS\SOS.UnitTests\Debuggees\ReflectionTest\ReflectionTest.csproj", "{DDDA69DF-2C4C-477A-B6C9-B4FE73C6E288}"
EndProject
Project("{9A19103F-16F7-4668-BE54-9A1E7A4F7556}") = "TaskNestedException", "src\SOS\SOS.UnitTests\Debuggees\TaskNestedException\TaskNestedException\TaskNestedException.csproj", "{73EA5188-1E4F-42D8-B63E-F1B878A4EB63}"
EndProject
Project("{9A19103F-16F7-4668-BE54-9A1E7A4F7556}") = "RandomUserLibrary", "src\SOS\SOS.UnitTests\Debuggees\TaskNestedException\RandomUserLibrary\RandomUserLibrary.csproj", "{B50D14DB-8EE5-47BD-B412-62FA5C693CC7}"
EndProject
Project("{9A19103F-16F7-4668-BE54-9A1E7A4F7556}") = "SymbolTestApp", "src\SOS\SOS.UnitTests\Debuggees\SymbolTestApp\SymbolTestApp\SymbolTestApp.csproj", "{112FE2A7-3FD2-4496-8A14-171898AD5CF5}"
EndProject
Project("{9A19103F-16F7-4668-BE54-9A1E7A4F7556}") = "SymbolTestDll", "src\SOS\SOS.UnitTests\Debuggees\SymbolTestApp\SymbolTestDll\SymbolTestDll.csproj", "{8C27904A-47C0-44C7-B191-88FF34580CBE}"
EndProject
Project("{9A19103F-16F7-4668-BE54-9A1E7A4F7556}") = "LineNums", "src\SOS\SOS.UnitTests\Debuggees\LineNums\LineNums.csproj", "{84881FB8-37E1-4D9B-B27E-9831C30DCC04}"
EndProject
Project("{9A19103F-16F7-4668-BE54-9A1E7A4F7556}") = "GCPOH", "src\SOS\SOS.UnitTests\Debuggees\GCPOH\GCPOH.csproj", "{0A34CA51-8B8C-41A1-BE24-AB2C574EA144}"
EndProject
Project("{9A19103F-16F7-4668-BE54-9A1E7A4F7556}") = "DotnetDumpCommands", "src\SOS\SOS.UnitTests\Debuggees\DotnetDumpCommands\DotnetDumpCommands.csproj", "{F9A69812-DC52-428D-9DB1-8B831A8FF776}"
EndProject
Global
	GlobalSection(SolutionConfigurationPlatforms) = preSolution
		Checked|Any CPU = Checked|Any CPU
		Checked|ARM = Checked|ARM
		Checked|ARM64 = Checked|ARM64
		Checked|x64 = Checked|x64
		Checked|x86 = Checked|x86
		Debug|Any CPU = Debug|Any CPU
		Debug|ARM = Debug|ARM
		Debug|ARM64 = Debug|ARM64
		Debug|x64 = Debug|x64
		Debug|x86 = Debug|x86
		Release|Any CPU = Release|Any CPU
		Release|ARM = Release|ARM
		Release|ARM64 = Release|ARM64
		Release|x64 = Release|x64
		Release|x86 = Release|x86
		RelWithDebInfo|Any CPU = RelWithDebInfo|Any CPU
		RelWithDebInfo|ARM = RelWithDebInfo|ARM
		RelWithDebInfo|ARM64 = RelWithDebInfo|ARM64
		RelWithDebInfo|x64 = RelWithDebInfo|x64
		RelWithDebInfo|x86 = RelWithDebInfo|x86
	EndGlobalSection
	GlobalSection(ProjectConfigurationPlatforms) = postSolution
		{6C43BE85-F8C3-4D76-8050-F25CE953A7FD}.Checked|Any CPU.ActiveCfg = Release|Any CPU
		{6C43BE85-F8C3-4D76-8050-F25CE953A7FD}.Checked|Any CPU.Build.0 = Release|Any CPU
		{6C43BE85-F8C3-4D76-8050-F25CE953A7FD}.Checked|ARM.ActiveCfg = Release|Any CPU
		{6C43BE85-F8C3-4D76-8050-F25CE953A7FD}.Checked|ARM.Build.0 = Release|Any CPU
		{6C43BE85-F8C3-4D76-8050-F25CE953A7FD}.Checked|ARM64.ActiveCfg = Release|Any CPU
		{6C43BE85-F8C3-4D76-8050-F25CE953A7FD}.Checked|ARM64.Build.0 = Release|Any CPU
		{6C43BE85-F8C3-4D76-8050-F25CE953A7FD}.Checked|x64.ActiveCfg = Release|Any CPU
		{6C43BE85-F8C3-4D76-8050-F25CE953A7FD}.Checked|x64.Build.0 = Release|Any CPU
		{6C43BE85-F8C3-4D76-8050-F25CE953A7FD}.Checked|x86.ActiveCfg = Release|Any CPU
		{6C43BE85-F8C3-4D76-8050-F25CE953A7FD}.Checked|x86.Build.0 = Release|Any CPU
		{6C43BE85-F8C3-4D76-8050-F25CE953A7FD}.Debug|Any CPU.ActiveCfg = Debug|Any CPU
		{6C43BE85-F8C3-4D76-8050-F25CE953A7FD}.Debug|Any CPU.Build.0 = Debug|Any CPU
		{6C43BE85-F8C3-4D76-8050-F25CE953A7FD}.Debug|ARM.ActiveCfg = Debug|Any CPU
		{6C43BE85-F8C3-4D76-8050-F25CE953A7FD}.Debug|ARM.Build.0 = Debug|Any CPU
		{6C43BE85-F8C3-4D76-8050-F25CE953A7FD}.Debug|ARM64.ActiveCfg = Debug|Any CPU
		{6C43BE85-F8C3-4D76-8050-F25CE953A7FD}.Debug|ARM64.Build.0 = Debug|Any CPU
		{6C43BE85-F8C3-4D76-8050-F25CE953A7FD}.Debug|x64.ActiveCfg = Debug|Any CPU
		{6C43BE85-F8C3-4D76-8050-F25CE953A7FD}.Debug|x64.Build.0 = Debug|Any CPU
		{6C43BE85-F8C3-4D76-8050-F25CE953A7FD}.Debug|x86.ActiveCfg = Debug|Any CPU
		{6C43BE85-F8C3-4D76-8050-F25CE953A7FD}.Debug|x86.Build.0 = Debug|Any CPU
		{6C43BE85-F8C3-4D76-8050-F25CE953A7FD}.Release|Any CPU.ActiveCfg = Release|Any CPU
		{6C43BE85-F8C3-4D76-8050-F25CE953A7FD}.Release|Any CPU.Build.0 = Release|Any CPU
		{6C43BE85-F8C3-4D76-8050-F25CE953A7FD}.Release|ARM.ActiveCfg = Release|Any CPU
		{6C43BE85-F8C3-4D76-8050-F25CE953A7FD}.Release|ARM.Build.0 = Release|Any CPU
		{6C43BE85-F8C3-4D76-8050-F25CE953A7FD}.Release|ARM64.ActiveCfg = Release|Any CPU
		{6C43BE85-F8C3-4D76-8050-F25CE953A7FD}.Release|ARM64.Build.0 = Release|Any CPU
		{6C43BE85-F8C3-4D76-8050-F25CE953A7FD}.Release|x64.ActiveCfg = Release|Any CPU
		{6C43BE85-F8C3-4D76-8050-F25CE953A7FD}.Release|x64.Build.0 = Release|Any CPU
		{6C43BE85-F8C3-4D76-8050-F25CE953A7FD}.Release|x86.ActiveCfg = Release|Any CPU
		{6C43BE85-F8C3-4D76-8050-F25CE953A7FD}.Release|x86.Build.0 = Release|Any CPU
		{6C43BE85-F8C3-4D76-8050-F25CE953A7FD}.RelWithDebInfo|Any CPU.ActiveCfg = Release|Any CPU
		{6C43BE85-F8C3-4D76-8050-F25CE953A7FD}.RelWithDebInfo|Any CPU.Build.0 = Release|Any CPU
		{6C43BE85-F8C3-4D76-8050-F25CE953A7FD}.RelWithDebInfo|ARM.ActiveCfg = Release|Any CPU
		{6C43BE85-F8C3-4D76-8050-F25CE953A7FD}.RelWithDebInfo|ARM.Build.0 = Release|Any CPU
		{6C43BE85-F8C3-4D76-8050-F25CE953A7FD}.RelWithDebInfo|ARM64.ActiveCfg = Release|Any CPU
		{6C43BE85-F8C3-4D76-8050-F25CE953A7FD}.RelWithDebInfo|ARM64.Build.0 = Release|Any CPU
		{6C43BE85-F8C3-4D76-8050-F25CE953A7FD}.RelWithDebInfo|x64.ActiveCfg = Release|Any CPU
		{6C43BE85-F8C3-4D76-8050-F25CE953A7FD}.RelWithDebInfo|x64.Build.0 = Release|Any CPU
		{6C43BE85-F8C3-4D76-8050-F25CE953A7FD}.RelWithDebInfo|x86.ActiveCfg = Release|Any CPU
		{6C43BE85-F8C3-4D76-8050-F25CE953A7FD}.RelWithDebInfo|x86.Build.0 = Release|Any CPU
		{252E5845-8D4C-4306-9D8F-ED2E2F7005F6}.Checked|Any CPU.ActiveCfg = Debug|Any CPU
		{252E5845-8D4C-4306-9D8F-ED2E2F7005F6}.Checked|Any CPU.Build.0 = Debug|Any CPU
		{252E5845-8D4C-4306-9D8F-ED2E2F7005F6}.Checked|ARM.ActiveCfg = Debug|Any CPU
		{252E5845-8D4C-4306-9D8F-ED2E2F7005F6}.Checked|ARM.Build.0 = Debug|Any CPU
		{252E5845-8D4C-4306-9D8F-ED2E2F7005F6}.Checked|ARM64.ActiveCfg = Debug|Any CPU
		{252E5845-8D4C-4306-9D8F-ED2E2F7005F6}.Checked|ARM64.Build.0 = Debug|Any CPU
		{252E5845-8D4C-4306-9D8F-ED2E2F7005F6}.Checked|x64.ActiveCfg = Debug|Any CPU
		{252E5845-8D4C-4306-9D8F-ED2E2F7005F6}.Checked|x64.Build.0 = Debug|Any CPU
		{252E5845-8D4C-4306-9D8F-ED2E2F7005F6}.Checked|x86.ActiveCfg = Debug|Any CPU
		{252E5845-8D4C-4306-9D8F-ED2E2F7005F6}.Checked|x86.Build.0 = Debug|Any CPU
		{252E5845-8D4C-4306-9D8F-ED2E2F7005F6}.Debug|Any CPU.ActiveCfg = Debug|Any CPU
		{252E5845-8D4C-4306-9D8F-ED2E2F7005F6}.Debug|Any CPU.Build.0 = Debug|Any CPU
		{252E5845-8D4C-4306-9D8F-ED2E2F7005F6}.Debug|ARM.ActiveCfg = Debug|Any CPU
		{252E5845-8D4C-4306-9D8F-ED2E2F7005F6}.Debug|ARM.Build.0 = Debug|Any CPU
		{252E5845-8D4C-4306-9D8F-ED2E2F7005F6}.Debug|ARM64.ActiveCfg = Debug|Any CPU
		{252E5845-8D4C-4306-9D8F-ED2E2F7005F6}.Debug|ARM64.Build.0 = Debug|Any CPU
		{252E5845-8D4C-4306-9D8F-ED2E2F7005F6}.Debug|x64.ActiveCfg = Debug|Any CPU
		{252E5845-8D4C-4306-9D8F-ED2E2F7005F6}.Debug|x64.Build.0 = Debug|Any CPU
		{252E5845-8D4C-4306-9D8F-ED2E2F7005F6}.Debug|x86.ActiveCfg = Debug|Any CPU
		{252E5845-8D4C-4306-9D8F-ED2E2F7005F6}.Debug|x86.Build.0 = Debug|Any CPU
		{252E5845-8D4C-4306-9D8F-ED2E2F7005F6}.Release|Any CPU.ActiveCfg = Release|Any CPU
		{252E5845-8D4C-4306-9D8F-ED2E2F7005F6}.Release|Any CPU.Build.0 = Release|Any CPU
		{252E5845-8D4C-4306-9D8F-ED2E2F7005F6}.Release|ARM.ActiveCfg = Release|Any CPU
		{252E5845-8D4C-4306-9D8F-ED2E2F7005F6}.Release|ARM.Build.0 = Release|Any CPU
		{252E5845-8D4C-4306-9D8F-ED2E2F7005F6}.Release|ARM64.ActiveCfg = Release|Any CPU
		{252E5845-8D4C-4306-9D8F-ED2E2F7005F6}.Release|ARM64.Build.0 = Release|Any CPU
		{252E5845-8D4C-4306-9D8F-ED2E2F7005F6}.Release|x64.ActiveCfg = Release|Any CPU
		{252E5845-8D4C-4306-9D8F-ED2E2F7005F6}.Release|x64.Build.0 = Release|Any CPU
		{252E5845-8D4C-4306-9D8F-ED2E2F7005F6}.Release|x86.ActiveCfg = Release|Any CPU
		{252E5845-8D4C-4306-9D8F-ED2E2F7005F6}.Release|x86.Build.0 = Release|Any CPU
		{252E5845-8D4C-4306-9D8F-ED2E2F7005F6}.RelWithDebInfo|Any CPU.ActiveCfg = Release|Any CPU
		{252E5845-8D4C-4306-9D8F-ED2E2F7005F6}.RelWithDebInfo|Any CPU.Build.0 = Release|Any CPU
		{252E5845-8D4C-4306-9D8F-ED2E2F7005F6}.RelWithDebInfo|ARM.ActiveCfg = Release|Any CPU
		{252E5845-8D4C-4306-9D8F-ED2E2F7005F6}.RelWithDebInfo|ARM.Build.0 = Release|Any CPU
		{252E5845-8D4C-4306-9D8F-ED2E2F7005F6}.RelWithDebInfo|ARM64.ActiveCfg = Release|Any CPU
		{252E5845-8D4C-4306-9D8F-ED2E2F7005F6}.RelWithDebInfo|ARM64.Build.0 = Release|Any CPU
		{252E5845-8D4C-4306-9D8F-ED2E2F7005F6}.RelWithDebInfo|x64.ActiveCfg = Release|Any CPU
		{252E5845-8D4C-4306-9D8F-ED2E2F7005F6}.RelWithDebInfo|x64.Build.0 = Release|Any CPU
		{252E5845-8D4C-4306-9D8F-ED2E2F7005F6}.RelWithDebInfo|x86.ActiveCfg = Release|Any CPU
		{252E5845-8D4C-4306-9D8F-ED2E2F7005F6}.RelWithDebInfo|x86.Build.0 = Release|Any CPU
		{179EF543-E30A-4428-ABA0-2E2621860173}.Checked|Any CPU.ActiveCfg = Debug|Any CPU
		{179EF543-E30A-4428-ABA0-2E2621860173}.Checked|Any CPU.Build.0 = Debug|Any CPU
		{179EF543-E30A-4428-ABA0-2E2621860173}.Checked|ARM.ActiveCfg = Debug|Any CPU
		{179EF543-E30A-4428-ABA0-2E2621860173}.Checked|ARM.Build.0 = Debug|Any CPU
		{179EF543-E30A-4428-ABA0-2E2621860173}.Checked|ARM64.ActiveCfg = Debug|Any CPU
		{179EF543-E30A-4428-ABA0-2E2621860173}.Checked|ARM64.Build.0 = Debug|Any CPU
		{179EF543-E30A-4428-ABA0-2E2621860173}.Checked|x64.ActiveCfg = Debug|Any CPU
		{179EF543-E30A-4428-ABA0-2E2621860173}.Checked|x64.Build.0 = Debug|Any CPU
		{179EF543-E30A-4428-ABA0-2E2621860173}.Checked|x86.ActiveCfg = Debug|Any CPU
		{179EF543-E30A-4428-ABA0-2E2621860173}.Checked|x86.Build.0 = Debug|Any CPU
		{179EF543-E30A-4428-ABA0-2E2621860173}.Debug|Any CPU.ActiveCfg = Debug|Any CPU
		{179EF543-E30A-4428-ABA0-2E2621860173}.Debug|Any CPU.Build.0 = Debug|Any CPU
		{179EF543-E30A-4428-ABA0-2E2621860173}.Debug|ARM.ActiveCfg = Debug|Any CPU
		{179EF543-E30A-4428-ABA0-2E2621860173}.Debug|ARM.Build.0 = Debug|Any CPU
		{179EF543-E30A-4428-ABA0-2E2621860173}.Debug|ARM64.ActiveCfg = Debug|Any CPU
		{179EF543-E30A-4428-ABA0-2E2621860173}.Debug|ARM64.Build.0 = Debug|Any CPU
		{179EF543-E30A-4428-ABA0-2E2621860173}.Debug|x64.ActiveCfg = Debug|Any CPU
		{179EF543-E30A-4428-ABA0-2E2621860173}.Debug|x64.Build.0 = Debug|Any CPU
		{179EF543-E30A-4428-ABA0-2E2621860173}.Debug|x86.ActiveCfg = Debug|Any CPU
		{179EF543-E30A-4428-ABA0-2E2621860173}.Debug|x86.Build.0 = Debug|Any CPU
		{179EF543-E30A-4428-ABA0-2E2621860173}.Release|Any CPU.ActiveCfg = Release|Any CPU
		{179EF543-E30A-4428-ABA0-2E2621860173}.Release|Any CPU.Build.0 = Release|Any CPU
		{179EF543-E30A-4428-ABA0-2E2621860173}.Release|ARM.ActiveCfg = Release|Any CPU
		{179EF543-E30A-4428-ABA0-2E2621860173}.Release|ARM.Build.0 = Release|Any CPU
		{179EF543-E30A-4428-ABA0-2E2621860173}.Release|ARM64.ActiveCfg = Release|Any CPU
		{179EF543-E30A-4428-ABA0-2E2621860173}.Release|ARM64.Build.0 = Release|Any CPU
		{179EF543-E30A-4428-ABA0-2E2621860173}.Release|x64.ActiveCfg = Release|Any CPU
		{179EF543-E30A-4428-ABA0-2E2621860173}.Release|x64.Build.0 = Release|Any CPU
		{179EF543-E30A-4428-ABA0-2E2621860173}.Release|x86.ActiveCfg = Release|Any CPU
		{179EF543-E30A-4428-ABA0-2E2621860173}.Release|x86.Build.0 = Release|Any CPU
		{179EF543-E30A-4428-ABA0-2E2621860173}.RelWithDebInfo|Any CPU.ActiveCfg = Release|Any CPU
		{179EF543-E30A-4428-ABA0-2E2621860173}.RelWithDebInfo|Any CPU.Build.0 = Release|Any CPU
		{179EF543-E30A-4428-ABA0-2E2621860173}.RelWithDebInfo|ARM.ActiveCfg = Release|Any CPU
		{179EF543-E30A-4428-ABA0-2E2621860173}.RelWithDebInfo|ARM.Build.0 = Release|Any CPU
		{179EF543-E30A-4428-ABA0-2E2621860173}.RelWithDebInfo|ARM64.ActiveCfg = Release|Any CPU
		{179EF543-E30A-4428-ABA0-2E2621860173}.RelWithDebInfo|ARM64.Build.0 = Release|Any CPU
		{179EF543-E30A-4428-ABA0-2E2621860173}.RelWithDebInfo|x64.ActiveCfg = Release|Any CPU
		{179EF543-E30A-4428-ABA0-2E2621860173}.RelWithDebInfo|x64.Build.0 = Release|Any CPU
		{179EF543-E30A-4428-ABA0-2E2621860173}.RelWithDebInfo|x86.ActiveCfg = Release|Any CPU
		{179EF543-E30A-4428-ABA0-2E2621860173}.RelWithDebInfo|x86.Build.0 = Release|Any CPU
		{447AC053-2E0A-4119-BD11-30A4A8E3F765}.Checked|Any CPU.ActiveCfg = Debug|Any CPU
		{447AC053-2E0A-4119-BD11-30A4A8E3F765}.Checked|Any CPU.Build.0 = Debug|Any CPU
		{447AC053-2E0A-4119-BD11-30A4A8E3F765}.Checked|ARM.ActiveCfg = Debug|Any CPU
		{447AC053-2E0A-4119-BD11-30A4A8E3F765}.Checked|ARM.Build.0 = Debug|Any CPU
		{447AC053-2E0A-4119-BD11-30A4A8E3F765}.Checked|ARM64.ActiveCfg = Debug|Any CPU
		{447AC053-2E0A-4119-BD11-30A4A8E3F765}.Checked|ARM64.Build.0 = Debug|Any CPU
		{447AC053-2E0A-4119-BD11-30A4A8E3F765}.Checked|x64.ActiveCfg = Debug|Any CPU
		{447AC053-2E0A-4119-BD11-30A4A8E3F765}.Checked|x64.Build.0 = Debug|Any CPU
		{447AC053-2E0A-4119-BD11-30A4A8E3F765}.Checked|x86.ActiveCfg = Debug|Any CPU
		{447AC053-2E0A-4119-BD11-30A4A8E3F765}.Checked|x86.Build.0 = Debug|Any CPU
		{447AC053-2E0A-4119-BD11-30A4A8E3F765}.Debug|Any CPU.ActiveCfg = Debug|Any CPU
		{447AC053-2E0A-4119-BD11-30A4A8E3F765}.Debug|Any CPU.Build.0 = Debug|Any CPU
		{447AC053-2E0A-4119-BD11-30A4A8E3F765}.Debug|ARM.ActiveCfg = Debug|Any CPU
		{447AC053-2E0A-4119-BD11-30A4A8E3F765}.Debug|ARM.Build.0 = Debug|Any CPU
		{447AC053-2E0A-4119-BD11-30A4A8E3F765}.Debug|ARM64.ActiveCfg = Debug|Any CPU
		{447AC053-2E0A-4119-BD11-30A4A8E3F765}.Debug|ARM64.Build.0 = Debug|Any CPU
		{447AC053-2E0A-4119-BD11-30A4A8E3F765}.Debug|x64.ActiveCfg = Debug|Any CPU
		{447AC053-2E0A-4119-BD11-30A4A8E3F765}.Debug|x64.Build.0 = Debug|Any CPU
		{447AC053-2E0A-4119-BD11-30A4A8E3F765}.Debug|x86.ActiveCfg = Debug|Any CPU
		{447AC053-2E0A-4119-BD11-30A4A8E3F765}.Debug|x86.Build.0 = Debug|Any CPU
		{447AC053-2E0A-4119-BD11-30A4A8E3F765}.Release|Any CPU.ActiveCfg = Release|Any CPU
		{447AC053-2E0A-4119-BD11-30A4A8E3F765}.Release|Any CPU.Build.0 = Release|Any CPU
		{447AC053-2E0A-4119-BD11-30A4A8E3F765}.Release|ARM.ActiveCfg = Release|Any CPU
		{447AC053-2E0A-4119-BD11-30A4A8E3F765}.Release|ARM.Build.0 = Release|Any CPU
		{447AC053-2E0A-4119-BD11-30A4A8E3F765}.Release|ARM64.ActiveCfg = Release|Any CPU
		{447AC053-2E0A-4119-BD11-30A4A8E3F765}.Release|ARM64.Build.0 = Release|Any CPU
		{447AC053-2E0A-4119-BD11-30A4A8E3F765}.Release|x64.ActiveCfg = Release|Any CPU
		{447AC053-2E0A-4119-BD11-30A4A8E3F765}.Release|x64.Build.0 = Release|Any CPU
		{447AC053-2E0A-4119-BD11-30A4A8E3F765}.Release|x86.ActiveCfg = Release|Any CPU
		{447AC053-2E0A-4119-BD11-30A4A8E3F765}.Release|x86.Build.0 = Release|Any CPU
		{447AC053-2E0A-4119-BD11-30A4A8E3F765}.RelWithDebInfo|Any CPU.ActiveCfg = Release|Any CPU
		{447AC053-2E0A-4119-BD11-30A4A8E3F765}.RelWithDebInfo|Any CPU.Build.0 = Release|Any CPU
		{447AC053-2E0A-4119-BD11-30A4A8E3F765}.RelWithDebInfo|ARM.ActiveCfg = Release|Any CPU
		{447AC053-2E0A-4119-BD11-30A4A8E3F765}.RelWithDebInfo|ARM.Build.0 = Release|Any CPU
		{447AC053-2E0A-4119-BD11-30A4A8E3F765}.RelWithDebInfo|ARM64.ActiveCfg = Release|Any CPU
		{447AC053-2E0A-4119-BD11-30A4A8E3F765}.RelWithDebInfo|ARM64.Build.0 = Release|Any CPU
		{447AC053-2E0A-4119-BD11-30A4A8E3F765}.RelWithDebInfo|x64.ActiveCfg = Release|Any CPU
		{447AC053-2E0A-4119-BD11-30A4A8E3F765}.RelWithDebInfo|x64.Build.0 = Release|Any CPU
		{447AC053-2E0A-4119-BD11-30A4A8E3F765}.RelWithDebInfo|x86.ActiveCfg = Release|Any CPU
		{447AC053-2E0A-4119-BD11-30A4A8E3F765}.RelWithDebInfo|x86.Build.0 = Release|Any CPU
		{664F46A9-3C99-489B-AAB9-4CD3A430C425}.Checked|Any CPU.ActiveCfg = Debug|Any CPU
		{664F46A9-3C99-489B-AAB9-4CD3A430C425}.Checked|Any CPU.Build.0 = Debug|Any CPU
		{664F46A9-3C99-489B-AAB9-4CD3A430C425}.Checked|ARM.ActiveCfg = Debug|Any CPU
		{664F46A9-3C99-489B-AAB9-4CD3A430C425}.Checked|ARM.Build.0 = Debug|Any CPU
		{664F46A9-3C99-489B-AAB9-4CD3A430C425}.Checked|ARM64.ActiveCfg = Debug|Any CPU
		{664F46A9-3C99-489B-AAB9-4CD3A430C425}.Checked|ARM64.Build.0 = Debug|Any CPU
		{664F46A9-3C99-489B-AAB9-4CD3A430C425}.Checked|x64.ActiveCfg = Debug|Any CPU
		{664F46A9-3C99-489B-AAB9-4CD3A430C425}.Checked|x64.Build.0 = Debug|Any CPU
		{664F46A9-3C99-489B-AAB9-4CD3A430C425}.Checked|x86.ActiveCfg = Debug|Any CPU
		{664F46A9-3C99-489B-AAB9-4CD3A430C425}.Checked|x86.Build.0 = Debug|Any CPU
		{664F46A9-3C99-489B-AAB9-4CD3A430C425}.Debug|Any CPU.ActiveCfg = Debug|Any CPU
		{664F46A9-3C99-489B-AAB9-4CD3A430C425}.Debug|Any CPU.Build.0 = Debug|Any CPU
		{664F46A9-3C99-489B-AAB9-4CD3A430C425}.Debug|ARM.ActiveCfg = Debug|Any CPU
		{664F46A9-3C99-489B-AAB9-4CD3A430C425}.Debug|ARM.Build.0 = Debug|Any CPU
		{664F46A9-3C99-489B-AAB9-4CD3A430C425}.Debug|ARM64.ActiveCfg = Debug|Any CPU
		{664F46A9-3C99-489B-AAB9-4CD3A430C425}.Debug|ARM64.Build.0 = Debug|Any CPU
		{664F46A9-3C99-489B-AAB9-4CD3A430C425}.Debug|x64.ActiveCfg = Debug|Any CPU
		{664F46A9-3C99-489B-AAB9-4CD3A430C425}.Debug|x64.Build.0 = Debug|Any CPU
		{664F46A9-3C99-489B-AAB9-4CD3A430C425}.Debug|x86.ActiveCfg = Debug|Any CPU
		{664F46A9-3C99-489B-AAB9-4CD3A430C425}.Debug|x86.Build.0 = Debug|Any CPU
		{664F46A9-3C99-489B-AAB9-4CD3A430C425}.Release|Any CPU.ActiveCfg = Release|Any CPU
		{664F46A9-3C99-489B-AAB9-4CD3A430C425}.Release|Any CPU.Build.0 = Release|Any CPU
		{664F46A9-3C99-489B-AAB9-4CD3A430C425}.Release|ARM.ActiveCfg = Release|Any CPU
		{664F46A9-3C99-489B-AAB9-4CD3A430C425}.Release|ARM.Build.0 = Release|Any CPU
		{664F46A9-3C99-489B-AAB9-4CD3A430C425}.Release|ARM64.ActiveCfg = Release|Any CPU
		{664F46A9-3C99-489B-AAB9-4CD3A430C425}.Release|ARM64.Build.0 = Release|Any CPU
		{664F46A9-3C99-489B-AAB9-4CD3A430C425}.Release|x64.ActiveCfg = Release|Any CPU
		{664F46A9-3C99-489B-AAB9-4CD3A430C425}.Release|x64.Build.0 = Release|Any CPU
		{664F46A9-3C99-489B-AAB9-4CD3A430C425}.Release|x86.ActiveCfg = Release|Any CPU
		{664F46A9-3C99-489B-AAB9-4CD3A430C425}.Release|x86.Build.0 = Release|Any CPU
		{664F46A9-3C99-489B-AAB9-4CD3A430C425}.RelWithDebInfo|Any CPU.ActiveCfg = Release|Any CPU
		{664F46A9-3C99-489B-AAB9-4CD3A430C425}.RelWithDebInfo|Any CPU.Build.0 = Release|Any CPU
		{664F46A9-3C99-489B-AAB9-4CD3A430C425}.RelWithDebInfo|ARM.ActiveCfg = Release|Any CPU
		{664F46A9-3C99-489B-AAB9-4CD3A430C425}.RelWithDebInfo|ARM.Build.0 = Release|Any CPU
		{664F46A9-3C99-489B-AAB9-4CD3A430C425}.RelWithDebInfo|ARM64.ActiveCfg = Release|Any CPU
		{664F46A9-3C99-489B-AAB9-4CD3A430C425}.RelWithDebInfo|ARM64.Build.0 = Release|Any CPU
		{664F46A9-3C99-489B-AAB9-4CD3A430C425}.RelWithDebInfo|x64.ActiveCfg = Release|Any CPU
		{664F46A9-3C99-489B-AAB9-4CD3A430C425}.RelWithDebInfo|x64.Build.0 = Release|Any CPU
		{664F46A9-3C99-489B-AAB9-4CD3A430C425}.RelWithDebInfo|x86.ActiveCfg = Release|Any CPU
		{664F46A9-3C99-489B-AAB9-4CD3A430C425}.RelWithDebInfo|x86.Build.0 = Release|Any CPU
		{0CB805C8-0B76-4B1D-8AAF-48535B180448}.Checked|Any CPU.ActiveCfg = Debug|Any CPU
		{0CB805C8-0B76-4B1D-8AAF-48535B180448}.Checked|Any CPU.Build.0 = Debug|Any CPU
		{0CB805C8-0B76-4B1D-8AAF-48535B180448}.Checked|ARM.ActiveCfg = Debug|Any CPU
		{0CB805C8-0B76-4B1D-8AAF-48535B180448}.Checked|ARM.Build.0 = Debug|Any CPU
		{0CB805C8-0B76-4B1D-8AAF-48535B180448}.Checked|ARM64.ActiveCfg = Debug|Any CPU
		{0CB805C8-0B76-4B1D-8AAF-48535B180448}.Checked|ARM64.Build.0 = Debug|Any CPU
		{0CB805C8-0B76-4B1D-8AAF-48535B180448}.Checked|x64.ActiveCfg = Debug|Any CPU
		{0CB805C8-0B76-4B1D-8AAF-48535B180448}.Checked|x64.Build.0 = Debug|Any CPU
		{0CB805C8-0B76-4B1D-8AAF-48535B180448}.Checked|x86.ActiveCfg = Debug|Any CPU
		{0CB805C8-0B76-4B1D-8AAF-48535B180448}.Checked|x86.Build.0 = Debug|Any CPU
		{0CB805C8-0B76-4B1D-8AAF-48535B180448}.Debug|Any CPU.ActiveCfg = Debug|Any CPU
		{0CB805C8-0B76-4B1D-8AAF-48535B180448}.Debug|Any CPU.Build.0 = Debug|Any CPU
		{0CB805C8-0B76-4B1D-8AAF-48535B180448}.Debug|ARM.ActiveCfg = Debug|Any CPU
		{0CB805C8-0B76-4B1D-8AAF-48535B180448}.Debug|ARM.Build.0 = Debug|Any CPU
		{0CB805C8-0B76-4B1D-8AAF-48535B180448}.Debug|ARM64.ActiveCfg = Debug|Any CPU
		{0CB805C8-0B76-4B1D-8AAF-48535B180448}.Debug|ARM64.Build.0 = Debug|Any CPU
		{0CB805C8-0B76-4B1D-8AAF-48535B180448}.Debug|x64.ActiveCfg = Debug|Any CPU
		{0CB805C8-0B76-4B1D-8AAF-48535B180448}.Debug|x64.Build.0 = Debug|Any CPU
		{0CB805C8-0B76-4B1D-8AAF-48535B180448}.Debug|x86.ActiveCfg = Debug|Any CPU
		{0CB805C8-0B76-4B1D-8AAF-48535B180448}.Debug|x86.Build.0 = Debug|Any CPU
		{0CB805C8-0B76-4B1D-8AAF-48535B180448}.Release|Any CPU.ActiveCfg = Release|Any CPU
		{0CB805C8-0B76-4B1D-8AAF-48535B180448}.Release|Any CPU.Build.0 = Release|Any CPU
		{0CB805C8-0B76-4B1D-8AAF-48535B180448}.Release|ARM.ActiveCfg = Release|Any CPU
		{0CB805C8-0B76-4B1D-8AAF-48535B180448}.Release|ARM.Build.0 = Release|Any CPU
		{0CB805C8-0B76-4B1D-8AAF-48535B180448}.Release|ARM64.ActiveCfg = Release|Any CPU
		{0CB805C8-0B76-4B1D-8AAF-48535B180448}.Release|ARM64.Build.0 = Release|Any CPU
		{0CB805C8-0B76-4B1D-8AAF-48535B180448}.Release|x64.ActiveCfg = Release|Any CPU
		{0CB805C8-0B76-4B1D-8AAF-48535B180448}.Release|x64.Build.0 = Release|Any CPU
		{0CB805C8-0B76-4B1D-8AAF-48535B180448}.Release|x86.ActiveCfg = Release|Any CPU
		{0CB805C8-0B76-4B1D-8AAF-48535B180448}.Release|x86.Build.0 = Release|Any CPU
		{0CB805C8-0B76-4B1D-8AAF-48535B180448}.RelWithDebInfo|Any CPU.ActiveCfg = Release|Any CPU
		{0CB805C8-0B76-4B1D-8AAF-48535B180448}.RelWithDebInfo|Any CPU.Build.0 = Release|Any CPU
		{0CB805C8-0B76-4B1D-8AAF-48535B180448}.RelWithDebInfo|ARM.ActiveCfg = Release|Any CPU
		{0CB805C8-0B76-4B1D-8AAF-48535B180448}.RelWithDebInfo|ARM.Build.0 = Release|Any CPU
		{0CB805C8-0B76-4B1D-8AAF-48535B180448}.RelWithDebInfo|ARM64.ActiveCfg = Release|Any CPU
		{0CB805C8-0B76-4B1D-8AAF-48535B180448}.RelWithDebInfo|ARM64.Build.0 = Release|Any CPU
		{0CB805C8-0B76-4B1D-8AAF-48535B180448}.RelWithDebInfo|x64.ActiveCfg = Release|Any CPU
		{0CB805C8-0B76-4B1D-8AAF-48535B180448}.RelWithDebInfo|x64.Build.0 = Release|Any CPU
		{0CB805C8-0B76-4B1D-8AAF-48535B180448}.RelWithDebInfo|x86.ActiveCfg = Release|Any CPU
		{0CB805C8-0B76-4B1D-8AAF-48535B180448}.RelWithDebInfo|x86.Build.0 = Release|Any CPU
		{20251748-AA7B-45BE-ADAA-C9375F5CC80F}.Checked|Any CPU.ActiveCfg = Debug|Any CPU
		{20251748-AA7B-45BE-ADAA-C9375F5CC80F}.Checked|Any CPU.Build.0 = Debug|Any CPU
		{20251748-AA7B-45BE-ADAA-C9375F5CC80F}.Checked|ARM.ActiveCfg = Debug|Any CPU
		{20251748-AA7B-45BE-ADAA-C9375F5CC80F}.Checked|ARM.Build.0 = Debug|Any CPU
		{20251748-AA7B-45BE-ADAA-C9375F5CC80F}.Checked|ARM64.ActiveCfg = Debug|Any CPU
		{20251748-AA7B-45BE-ADAA-C9375F5CC80F}.Checked|ARM64.Build.0 = Debug|Any CPU
		{20251748-AA7B-45BE-ADAA-C9375F5CC80F}.Checked|x64.ActiveCfg = Debug|Any CPU
		{20251748-AA7B-45BE-ADAA-C9375F5CC80F}.Checked|x64.Build.0 = Debug|Any CPU
		{20251748-AA7B-45BE-ADAA-C9375F5CC80F}.Checked|x86.ActiveCfg = Debug|Any CPU
		{20251748-AA7B-45BE-ADAA-C9375F5CC80F}.Checked|x86.Build.0 = Debug|Any CPU
		{20251748-AA7B-45BE-ADAA-C9375F5CC80F}.Debug|Any CPU.ActiveCfg = Debug|Any CPU
		{20251748-AA7B-45BE-ADAA-C9375F5CC80F}.Debug|Any CPU.Build.0 = Debug|Any CPU
		{20251748-AA7B-45BE-ADAA-C9375F5CC80F}.Debug|ARM.ActiveCfg = Debug|Any CPU
		{20251748-AA7B-45BE-ADAA-C9375F5CC80F}.Debug|ARM.Build.0 = Debug|Any CPU
		{20251748-AA7B-45BE-ADAA-C9375F5CC80F}.Debug|ARM64.ActiveCfg = Debug|Any CPU
		{20251748-AA7B-45BE-ADAA-C9375F5CC80F}.Debug|ARM64.Build.0 = Debug|Any CPU
		{20251748-AA7B-45BE-ADAA-C9375F5CC80F}.Debug|x64.ActiveCfg = Debug|Any CPU
		{20251748-AA7B-45BE-ADAA-C9375F5CC80F}.Debug|x64.Build.0 = Debug|Any CPU
		{20251748-AA7B-45BE-ADAA-C9375F5CC80F}.Debug|x86.ActiveCfg = Debug|Any CPU
		{20251748-AA7B-45BE-ADAA-C9375F5CC80F}.Debug|x86.Build.0 = Debug|Any CPU
		{20251748-AA7B-45BE-ADAA-C9375F5CC80F}.Release|Any CPU.ActiveCfg = Release|Any CPU
		{20251748-AA7B-45BE-ADAA-C9375F5CC80F}.Release|Any CPU.Build.0 = Release|Any CPU
		{20251748-AA7B-45BE-ADAA-C9375F5CC80F}.Release|ARM.ActiveCfg = Release|Any CPU
		{20251748-AA7B-45BE-ADAA-C9375F5CC80F}.Release|ARM.Build.0 = Release|Any CPU
		{20251748-AA7B-45BE-ADAA-C9375F5CC80F}.Release|ARM64.ActiveCfg = Release|Any CPU
		{20251748-AA7B-45BE-ADAA-C9375F5CC80F}.Release|ARM64.Build.0 = Release|Any CPU
		{20251748-AA7B-45BE-ADAA-C9375F5CC80F}.Release|x64.ActiveCfg = Release|Any CPU
		{20251748-AA7B-45BE-ADAA-C9375F5CC80F}.Release|x64.Build.0 = Release|Any CPU
		{20251748-AA7B-45BE-ADAA-C9375F5CC80F}.Release|x86.ActiveCfg = Release|Any CPU
		{20251748-AA7B-45BE-ADAA-C9375F5CC80F}.Release|x86.Build.0 = Release|Any CPU
		{20251748-AA7B-45BE-ADAA-C9375F5CC80F}.RelWithDebInfo|Any CPU.ActiveCfg = Release|Any CPU
		{20251748-AA7B-45BE-ADAA-C9375F5CC80F}.RelWithDebInfo|Any CPU.Build.0 = Release|Any CPU
		{20251748-AA7B-45BE-ADAA-C9375F5CC80F}.RelWithDebInfo|ARM.ActiveCfg = Release|Any CPU
		{20251748-AA7B-45BE-ADAA-C9375F5CC80F}.RelWithDebInfo|ARM.Build.0 = Release|Any CPU
		{20251748-AA7B-45BE-ADAA-C9375F5CC80F}.RelWithDebInfo|ARM64.ActiveCfg = Release|Any CPU
		{20251748-AA7B-45BE-ADAA-C9375F5CC80F}.RelWithDebInfo|ARM64.Build.0 = Release|Any CPU
		{20251748-AA7B-45BE-ADAA-C9375F5CC80F}.RelWithDebInfo|x64.ActiveCfg = Release|Any CPU
		{20251748-AA7B-45BE-ADAA-C9375F5CC80F}.RelWithDebInfo|x64.Build.0 = Release|Any CPU
		{20251748-AA7B-45BE-ADAA-C9375F5CC80F}.RelWithDebInfo|x86.ActiveCfg = Release|Any CPU
		{20251748-AA7B-45BE-ADAA-C9375F5CC80F}.RelWithDebInfo|x86.Build.0 = Release|Any CPU
		{DDDA69DF-2C4C-477A-B6C9-B4FE73C6E288}.Checked|Any CPU.ActiveCfg = Debug|Any CPU
		{DDDA69DF-2C4C-477A-B6C9-B4FE73C6E288}.Checked|Any CPU.Build.0 = Debug|Any CPU
		{DDDA69DF-2C4C-477A-B6C9-B4FE73C6E288}.Checked|ARM.ActiveCfg = Debug|Any CPU
		{DDDA69DF-2C4C-477A-B6C9-B4FE73C6E288}.Checked|ARM.Build.0 = Debug|Any CPU
		{DDDA69DF-2C4C-477A-B6C9-B4FE73C6E288}.Checked|ARM64.ActiveCfg = Debug|Any CPU
		{DDDA69DF-2C4C-477A-B6C9-B4FE73C6E288}.Checked|ARM64.Build.0 = Debug|Any CPU
		{DDDA69DF-2C4C-477A-B6C9-B4FE73C6E288}.Checked|x64.ActiveCfg = Debug|Any CPU
		{DDDA69DF-2C4C-477A-B6C9-B4FE73C6E288}.Checked|x64.Build.0 = Debug|Any CPU
		{DDDA69DF-2C4C-477A-B6C9-B4FE73C6E288}.Checked|x86.ActiveCfg = Debug|Any CPU
		{DDDA69DF-2C4C-477A-B6C9-B4FE73C6E288}.Checked|x86.Build.0 = Debug|Any CPU
		{DDDA69DF-2C4C-477A-B6C9-B4FE73C6E288}.Debug|Any CPU.ActiveCfg = Debug|Any CPU
		{DDDA69DF-2C4C-477A-B6C9-B4FE73C6E288}.Debug|Any CPU.Build.0 = Debug|Any CPU
		{DDDA69DF-2C4C-477A-B6C9-B4FE73C6E288}.Debug|ARM.ActiveCfg = Debug|Any CPU
		{DDDA69DF-2C4C-477A-B6C9-B4FE73C6E288}.Debug|ARM.Build.0 = Debug|Any CPU
		{DDDA69DF-2C4C-477A-B6C9-B4FE73C6E288}.Debug|ARM64.ActiveCfg = Debug|Any CPU
		{DDDA69DF-2C4C-477A-B6C9-B4FE73C6E288}.Debug|ARM64.Build.0 = Debug|Any CPU
		{DDDA69DF-2C4C-477A-B6C9-B4FE73C6E288}.Debug|x64.ActiveCfg = Debug|Any CPU
		{DDDA69DF-2C4C-477A-B6C9-B4FE73C6E288}.Debug|x64.Build.0 = Debug|Any CPU
		{DDDA69DF-2C4C-477A-B6C9-B4FE73C6E288}.Debug|x86.ActiveCfg = Debug|Any CPU
		{DDDA69DF-2C4C-477A-B6C9-B4FE73C6E288}.Debug|x86.Build.0 = Debug|Any CPU
		{DDDA69DF-2C4C-477A-B6C9-B4FE73C6E288}.Release|Any CPU.ActiveCfg = Release|Any CPU
		{DDDA69DF-2C4C-477A-B6C9-B4FE73C6E288}.Release|Any CPU.Build.0 = Release|Any CPU
		{DDDA69DF-2C4C-477A-B6C9-B4FE73C6E288}.Release|ARM.ActiveCfg = Release|Any CPU
		{DDDA69DF-2C4C-477A-B6C9-B4FE73C6E288}.Release|ARM.Build.0 = Release|Any CPU
		{DDDA69DF-2C4C-477A-B6C9-B4FE73C6E288}.Release|ARM64.ActiveCfg = Release|Any CPU
		{DDDA69DF-2C4C-477A-B6C9-B4FE73C6E288}.Release|ARM64.Build.0 = Release|Any CPU
		{DDDA69DF-2C4C-477A-B6C9-B4FE73C6E288}.Release|x64.ActiveCfg = Release|Any CPU
		{DDDA69DF-2C4C-477A-B6C9-B4FE73C6E288}.Release|x64.Build.0 = Release|Any CPU
		{DDDA69DF-2C4C-477A-B6C9-B4FE73C6E288}.Release|x86.ActiveCfg = Release|Any CPU
		{DDDA69DF-2C4C-477A-B6C9-B4FE73C6E288}.Release|x86.Build.0 = Release|Any CPU
		{DDDA69DF-2C4C-477A-B6C9-B4FE73C6E288}.RelWithDebInfo|Any CPU.ActiveCfg = Release|Any CPU
		{DDDA69DF-2C4C-477A-B6C9-B4FE73C6E288}.RelWithDebInfo|Any CPU.Build.0 = Release|Any CPU
		{DDDA69DF-2C4C-477A-B6C9-B4FE73C6E288}.RelWithDebInfo|ARM.ActiveCfg = Release|Any CPU
		{DDDA69DF-2C4C-477A-B6C9-B4FE73C6E288}.RelWithDebInfo|ARM.Build.0 = Release|Any CPU
		{DDDA69DF-2C4C-477A-B6C9-B4FE73C6E288}.RelWithDebInfo|ARM64.ActiveCfg = Release|Any CPU
		{DDDA69DF-2C4C-477A-B6C9-B4FE73C6E288}.RelWithDebInfo|ARM64.Build.0 = Release|Any CPU
		{DDDA69DF-2C4C-477A-B6C9-B4FE73C6E288}.RelWithDebInfo|x64.ActiveCfg = Release|Any CPU
		{DDDA69DF-2C4C-477A-B6C9-B4FE73C6E288}.RelWithDebInfo|x64.Build.0 = Release|Any CPU
		{DDDA69DF-2C4C-477A-B6C9-B4FE73C6E288}.RelWithDebInfo|x86.ActiveCfg = Release|Any CPU
		{DDDA69DF-2C4C-477A-B6C9-B4FE73C6E288}.RelWithDebInfo|x86.Build.0 = Release|Any CPU
		{73EA5188-1E4F-42D8-B63E-F1B878A4EB63}.Checked|Any CPU.ActiveCfg = Debug|Any CPU
		{73EA5188-1E4F-42D8-B63E-F1B878A4EB63}.Checked|Any CPU.Build.0 = Debug|Any CPU
		{73EA5188-1E4F-42D8-B63E-F1B878A4EB63}.Checked|ARM.ActiveCfg = Debug|Any CPU
		{73EA5188-1E4F-42D8-B63E-F1B878A4EB63}.Checked|ARM.Build.0 = Debug|Any CPU
		{73EA5188-1E4F-42D8-B63E-F1B878A4EB63}.Checked|ARM64.ActiveCfg = Debug|Any CPU
		{73EA5188-1E4F-42D8-B63E-F1B878A4EB63}.Checked|ARM64.Build.0 = Debug|Any CPU
		{73EA5188-1E4F-42D8-B63E-F1B878A4EB63}.Checked|x64.ActiveCfg = Debug|Any CPU
		{73EA5188-1E4F-42D8-B63E-F1B878A4EB63}.Checked|x64.Build.0 = Debug|Any CPU
		{73EA5188-1E4F-42D8-B63E-F1B878A4EB63}.Checked|x86.ActiveCfg = Debug|Any CPU
		{73EA5188-1E4F-42D8-B63E-F1B878A4EB63}.Checked|x86.Build.0 = Debug|Any CPU
		{73EA5188-1E4F-42D8-B63E-F1B878A4EB63}.Debug|Any CPU.ActiveCfg = Debug|Any CPU
		{73EA5188-1E4F-42D8-B63E-F1B878A4EB63}.Debug|Any CPU.Build.0 = Debug|Any CPU
		{73EA5188-1E4F-42D8-B63E-F1B878A4EB63}.Debug|ARM.ActiveCfg = Debug|Any CPU
		{73EA5188-1E4F-42D8-B63E-F1B878A4EB63}.Debug|ARM.Build.0 = Debug|Any CPU
		{73EA5188-1E4F-42D8-B63E-F1B878A4EB63}.Debug|ARM64.ActiveCfg = Debug|Any CPU
		{73EA5188-1E4F-42D8-B63E-F1B878A4EB63}.Debug|ARM64.Build.0 = Debug|Any CPU
		{73EA5188-1E4F-42D8-B63E-F1B878A4EB63}.Debug|x64.ActiveCfg = Debug|Any CPU
		{73EA5188-1E4F-42D8-B63E-F1B878A4EB63}.Debug|x64.Build.0 = Debug|Any CPU
		{73EA5188-1E4F-42D8-B63E-F1B878A4EB63}.Debug|x86.ActiveCfg = Debug|Any CPU
		{73EA5188-1E4F-42D8-B63E-F1B878A4EB63}.Debug|x86.Build.0 = Debug|Any CPU
		{73EA5188-1E4F-42D8-B63E-F1B878A4EB63}.Release|Any CPU.ActiveCfg = Release|Any CPU
		{73EA5188-1E4F-42D8-B63E-F1B878A4EB63}.Release|Any CPU.Build.0 = Release|Any CPU
		{73EA5188-1E4F-42D8-B63E-F1B878A4EB63}.Release|ARM.ActiveCfg = Release|Any CPU
		{73EA5188-1E4F-42D8-B63E-F1B878A4EB63}.Release|ARM.Build.0 = Release|Any CPU
		{73EA5188-1E4F-42D8-B63E-F1B878A4EB63}.Release|ARM64.ActiveCfg = Release|Any CPU
		{73EA5188-1E4F-42D8-B63E-F1B878A4EB63}.Release|ARM64.Build.0 = Release|Any CPU
		{73EA5188-1E4F-42D8-B63E-F1B878A4EB63}.Release|x64.ActiveCfg = Release|Any CPU
		{73EA5188-1E4F-42D8-B63E-F1B878A4EB63}.Release|x64.Build.0 = Release|Any CPU
		{73EA5188-1E4F-42D8-B63E-F1B878A4EB63}.Release|x86.ActiveCfg = Release|Any CPU
		{73EA5188-1E4F-42D8-B63E-F1B878A4EB63}.Release|x86.Build.0 = Release|Any CPU
		{73EA5188-1E4F-42D8-B63E-F1B878A4EB63}.RelWithDebInfo|Any CPU.ActiveCfg = Release|Any CPU
		{73EA5188-1E4F-42D8-B63E-F1B878A4EB63}.RelWithDebInfo|Any CPU.Build.0 = Release|Any CPU
		{73EA5188-1E4F-42D8-B63E-F1B878A4EB63}.RelWithDebInfo|ARM.ActiveCfg = Release|Any CPU
		{73EA5188-1E4F-42D8-B63E-F1B878A4EB63}.RelWithDebInfo|ARM.Build.0 = Release|Any CPU
		{73EA5188-1E4F-42D8-B63E-F1B878A4EB63}.RelWithDebInfo|ARM64.ActiveCfg = Release|Any CPU
		{73EA5188-1E4F-42D8-B63E-F1B878A4EB63}.RelWithDebInfo|ARM64.Build.0 = Release|Any CPU
		{73EA5188-1E4F-42D8-B63E-F1B878A4EB63}.RelWithDebInfo|x64.ActiveCfg = Release|Any CPU
		{73EA5188-1E4F-42D8-B63E-F1B878A4EB63}.RelWithDebInfo|x64.Build.0 = Release|Any CPU
		{73EA5188-1E4F-42D8-B63E-F1B878A4EB63}.RelWithDebInfo|x86.ActiveCfg = Release|Any CPU
		{73EA5188-1E4F-42D8-B63E-F1B878A4EB63}.RelWithDebInfo|x86.Build.0 = Release|Any CPU
		{B50D14DB-8EE5-47BD-B412-62FA5C693CC7}.Checked|Any CPU.ActiveCfg = Debug|Any CPU
		{B50D14DB-8EE5-47BD-B412-62FA5C693CC7}.Checked|Any CPU.Build.0 = Debug|Any CPU
		{B50D14DB-8EE5-47BD-B412-62FA5C693CC7}.Checked|ARM.ActiveCfg = Debug|Any CPU
		{B50D14DB-8EE5-47BD-B412-62FA5C693CC7}.Checked|ARM.Build.0 = Debug|Any CPU
		{B50D14DB-8EE5-47BD-B412-62FA5C693CC7}.Checked|ARM64.ActiveCfg = Debug|Any CPU
		{B50D14DB-8EE5-47BD-B412-62FA5C693CC7}.Checked|ARM64.Build.0 = Debug|Any CPU
		{B50D14DB-8EE5-47BD-B412-62FA5C693CC7}.Checked|x64.ActiveCfg = Debug|Any CPU
		{B50D14DB-8EE5-47BD-B412-62FA5C693CC7}.Checked|x64.Build.0 = Debug|Any CPU
		{B50D14DB-8EE5-47BD-B412-62FA5C693CC7}.Checked|x86.ActiveCfg = Debug|Any CPU
		{B50D14DB-8EE5-47BD-B412-62FA5C693CC7}.Checked|x86.Build.0 = Debug|Any CPU
		{B50D14DB-8EE5-47BD-B412-62FA5C693CC7}.Debug|Any CPU.ActiveCfg = Debug|Any CPU
		{B50D14DB-8EE5-47BD-B412-62FA5C693CC7}.Debug|Any CPU.Build.0 = Debug|Any CPU
		{B50D14DB-8EE5-47BD-B412-62FA5C693CC7}.Debug|ARM.ActiveCfg = Debug|Any CPU
		{B50D14DB-8EE5-47BD-B412-62FA5C693CC7}.Debug|ARM.Build.0 = Debug|Any CPU
		{B50D14DB-8EE5-47BD-B412-62FA5C693CC7}.Debug|ARM64.ActiveCfg = Debug|Any CPU
		{B50D14DB-8EE5-47BD-B412-62FA5C693CC7}.Debug|ARM64.Build.0 = Debug|Any CPU
		{B50D14DB-8EE5-47BD-B412-62FA5C693CC7}.Debug|x64.ActiveCfg = Debug|Any CPU
		{B50D14DB-8EE5-47BD-B412-62FA5C693CC7}.Debug|x64.Build.0 = Debug|Any CPU
		{B50D14DB-8EE5-47BD-B412-62FA5C693CC7}.Debug|x86.ActiveCfg = Debug|Any CPU
		{B50D14DB-8EE5-47BD-B412-62FA5C693CC7}.Debug|x86.Build.0 = Debug|Any CPU
		{B50D14DB-8EE5-47BD-B412-62FA5C693CC7}.Release|Any CPU.ActiveCfg = Release|Any CPU
		{B50D14DB-8EE5-47BD-B412-62FA5C693CC7}.Release|Any CPU.Build.0 = Release|Any CPU
		{B50D14DB-8EE5-47BD-B412-62FA5C693CC7}.Release|ARM.ActiveCfg = Release|Any CPU
		{B50D14DB-8EE5-47BD-B412-62FA5C693CC7}.Release|ARM.Build.0 = Release|Any CPU
		{B50D14DB-8EE5-47BD-B412-62FA5C693CC7}.Release|ARM64.ActiveCfg = Release|Any CPU
		{B50D14DB-8EE5-47BD-B412-62FA5C693CC7}.Release|ARM64.Build.0 = Release|Any CPU
		{B50D14DB-8EE5-47BD-B412-62FA5C693CC7}.Release|x64.ActiveCfg = Release|Any CPU
		{B50D14DB-8EE5-47BD-B412-62FA5C693CC7}.Release|x64.Build.0 = Release|Any CPU
		{B50D14DB-8EE5-47BD-B412-62FA5C693CC7}.Release|x86.ActiveCfg = Release|Any CPU
		{B50D14DB-8EE5-47BD-B412-62FA5C693CC7}.Release|x86.Build.0 = Release|Any CPU
		{B50D14DB-8EE5-47BD-B412-62FA5C693CC7}.RelWithDebInfo|Any CPU.ActiveCfg = Release|Any CPU
		{B50D14DB-8EE5-47BD-B412-62FA5C693CC7}.RelWithDebInfo|Any CPU.Build.0 = Release|Any CPU
		{B50D14DB-8EE5-47BD-B412-62FA5C693CC7}.RelWithDebInfo|ARM.ActiveCfg = Release|Any CPU
		{B50D14DB-8EE5-47BD-B412-62FA5C693CC7}.RelWithDebInfo|ARM.Build.0 = Release|Any CPU
		{B50D14DB-8EE5-47BD-B412-62FA5C693CC7}.RelWithDebInfo|ARM64.ActiveCfg = Release|Any CPU
		{B50D14DB-8EE5-47BD-B412-62FA5C693CC7}.RelWithDebInfo|ARM64.Build.0 = Release|Any CPU
		{B50D14DB-8EE5-47BD-B412-62FA5C693CC7}.RelWithDebInfo|x64.ActiveCfg = Release|Any CPU
		{B50D14DB-8EE5-47BD-B412-62FA5C693CC7}.RelWithDebInfo|x64.Build.0 = Release|Any CPU
		{B50D14DB-8EE5-47BD-B412-62FA5C693CC7}.RelWithDebInfo|x86.ActiveCfg = Release|Any CPU
		{B50D14DB-8EE5-47BD-B412-62FA5C693CC7}.RelWithDebInfo|x86.Build.0 = Release|Any CPU
		{112FE2A7-3FD2-4496-8A14-171898AD5CF5}.Checked|Any CPU.ActiveCfg = Debug|Any CPU
		{112FE2A7-3FD2-4496-8A14-171898AD5CF5}.Checked|Any CPU.Build.0 = Debug|Any CPU
		{112FE2A7-3FD2-4496-8A14-171898AD5CF5}.Checked|ARM.ActiveCfg = Debug|Any CPU
		{112FE2A7-3FD2-4496-8A14-171898AD5CF5}.Checked|ARM.Build.0 = Debug|Any CPU
		{112FE2A7-3FD2-4496-8A14-171898AD5CF5}.Checked|ARM64.ActiveCfg = Debug|Any CPU
		{112FE2A7-3FD2-4496-8A14-171898AD5CF5}.Checked|ARM64.Build.0 = Debug|Any CPU
		{112FE2A7-3FD2-4496-8A14-171898AD5CF5}.Checked|x64.ActiveCfg = Debug|Any CPU
		{112FE2A7-3FD2-4496-8A14-171898AD5CF5}.Checked|x64.Build.0 = Debug|Any CPU
		{112FE2A7-3FD2-4496-8A14-171898AD5CF5}.Checked|x86.ActiveCfg = Debug|Any CPU
		{112FE2A7-3FD2-4496-8A14-171898AD5CF5}.Checked|x86.Build.0 = Debug|Any CPU
		{112FE2A7-3FD2-4496-8A14-171898AD5CF5}.Debug|Any CPU.ActiveCfg = Debug|Any CPU
		{112FE2A7-3FD2-4496-8A14-171898AD5CF5}.Debug|Any CPU.Build.0 = Debug|Any CPU
		{112FE2A7-3FD2-4496-8A14-171898AD5CF5}.Debug|ARM.ActiveCfg = Debug|Any CPU
		{112FE2A7-3FD2-4496-8A14-171898AD5CF5}.Debug|ARM.Build.0 = Debug|Any CPU
		{112FE2A7-3FD2-4496-8A14-171898AD5CF5}.Debug|ARM64.ActiveCfg = Debug|Any CPU
		{112FE2A7-3FD2-4496-8A14-171898AD5CF5}.Debug|ARM64.Build.0 = Debug|Any CPU
		{112FE2A7-3FD2-4496-8A14-171898AD5CF5}.Debug|x64.ActiveCfg = Debug|Any CPU
		{112FE2A7-3FD2-4496-8A14-171898AD5CF5}.Debug|x64.Build.0 = Debug|Any CPU
		{112FE2A7-3FD2-4496-8A14-171898AD5CF5}.Debug|x86.ActiveCfg = Debug|Any CPU
		{112FE2A7-3FD2-4496-8A14-171898AD5CF5}.Debug|x86.Build.0 = Debug|Any CPU
		{112FE2A7-3FD2-4496-8A14-171898AD5CF5}.Release|Any CPU.ActiveCfg = Release|Any CPU
		{112FE2A7-3FD2-4496-8A14-171898AD5CF5}.Release|Any CPU.Build.0 = Release|Any CPU
		{112FE2A7-3FD2-4496-8A14-171898AD5CF5}.Release|ARM.ActiveCfg = Release|Any CPU
		{112FE2A7-3FD2-4496-8A14-171898AD5CF5}.Release|ARM.Build.0 = Release|Any CPU
		{112FE2A7-3FD2-4496-8A14-171898AD5CF5}.Release|ARM64.ActiveCfg = Release|Any CPU
		{112FE2A7-3FD2-4496-8A14-171898AD5CF5}.Release|ARM64.Build.0 = Release|Any CPU
		{112FE2A7-3FD2-4496-8A14-171898AD5CF5}.Release|x64.ActiveCfg = Release|Any CPU
		{112FE2A7-3FD2-4496-8A14-171898AD5CF5}.Release|x64.Build.0 = Release|Any CPU
		{112FE2A7-3FD2-4496-8A14-171898AD5CF5}.Release|x86.ActiveCfg = Release|Any CPU
		{112FE2A7-3FD2-4496-8A14-171898AD5CF5}.Release|x86.Build.0 = Release|Any CPU
		{112FE2A7-3FD2-4496-8A14-171898AD5CF5}.RelWithDebInfo|Any CPU.ActiveCfg = Release|Any CPU
		{112FE2A7-3FD2-4496-8A14-171898AD5CF5}.RelWithDebInfo|Any CPU.Build.0 = Release|Any CPU
		{112FE2A7-3FD2-4496-8A14-171898AD5CF5}.RelWithDebInfo|ARM.ActiveCfg = Release|Any CPU
		{112FE2A7-3FD2-4496-8A14-171898AD5CF5}.RelWithDebInfo|ARM.Build.0 = Release|Any CPU
		{112FE2A7-3FD2-4496-8A14-171898AD5CF5}.RelWithDebInfo|ARM64.ActiveCfg = Release|Any CPU
		{112FE2A7-3FD2-4496-8A14-171898AD5CF5}.RelWithDebInfo|ARM64.Build.0 = Release|Any CPU
		{112FE2A7-3FD2-4496-8A14-171898AD5CF5}.RelWithDebInfo|x64.ActiveCfg = Release|Any CPU
		{112FE2A7-3FD2-4496-8A14-171898AD5CF5}.RelWithDebInfo|x64.Build.0 = Release|Any CPU
		{112FE2A7-3FD2-4496-8A14-171898AD5CF5}.RelWithDebInfo|x86.ActiveCfg = Release|Any CPU
		{112FE2A7-3FD2-4496-8A14-171898AD5CF5}.RelWithDebInfo|x86.Build.0 = Release|Any CPU
		{8C27904A-47C0-44C7-B191-88FF34580CBE}.Checked|Any CPU.ActiveCfg = Debug|Any CPU
		{8C27904A-47C0-44C7-B191-88FF34580CBE}.Checked|Any CPU.Build.0 = Debug|Any CPU
		{8C27904A-47C0-44C7-B191-88FF34580CBE}.Checked|ARM.ActiveCfg = Debug|Any CPU
		{8C27904A-47C0-44C7-B191-88FF34580CBE}.Checked|ARM.Build.0 = Debug|Any CPU
		{8C27904A-47C0-44C7-B191-88FF34580CBE}.Checked|ARM64.ActiveCfg = Debug|Any CPU
		{8C27904A-47C0-44C7-B191-88FF34580CBE}.Checked|ARM64.Build.0 = Debug|Any CPU
		{8C27904A-47C0-44C7-B191-88FF34580CBE}.Checked|x64.ActiveCfg = Debug|Any CPU
		{8C27904A-47C0-44C7-B191-88FF34580CBE}.Checked|x64.Build.0 = Debug|Any CPU
		{8C27904A-47C0-44C7-B191-88FF34580CBE}.Checked|x86.ActiveCfg = Debug|Any CPU
		{8C27904A-47C0-44C7-B191-88FF34580CBE}.Checked|x86.Build.0 = Debug|Any CPU
		{8C27904A-47C0-44C7-B191-88FF34580CBE}.Debug|Any CPU.ActiveCfg = Debug|Any CPU
		{8C27904A-47C0-44C7-B191-88FF34580CBE}.Debug|Any CPU.Build.0 = Debug|Any CPU
		{8C27904A-47C0-44C7-B191-88FF34580CBE}.Debug|ARM.ActiveCfg = Debug|Any CPU
		{8C27904A-47C0-44C7-B191-88FF34580CBE}.Debug|ARM.Build.0 = Debug|Any CPU
		{8C27904A-47C0-44C7-B191-88FF34580CBE}.Debug|ARM64.ActiveCfg = Debug|Any CPU
		{8C27904A-47C0-44C7-B191-88FF34580CBE}.Debug|ARM64.Build.0 = Debug|Any CPU
		{8C27904A-47C0-44C7-B191-88FF34580CBE}.Debug|x64.ActiveCfg = Debug|Any CPU
		{8C27904A-47C0-44C7-B191-88FF34580CBE}.Debug|x64.Build.0 = Debug|Any CPU
		{8C27904A-47C0-44C7-B191-88FF34580CBE}.Debug|x86.ActiveCfg = Debug|Any CPU
		{8C27904A-47C0-44C7-B191-88FF34580CBE}.Debug|x86.Build.0 = Debug|Any CPU
		{8C27904A-47C0-44C7-B191-88FF34580CBE}.Release|Any CPU.ActiveCfg = Release|Any CPU
		{8C27904A-47C0-44C7-B191-88FF34580CBE}.Release|Any CPU.Build.0 = Release|Any CPU
		{8C27904A-47C0-44C7-B191-88FF34580CBE}.Release|ARM.ActiveCfg = Release|Any CPU
		{8C27904A-47C0-44C7-B191-88FF34580CBE}.Release|ARM.Build.0 = Release|Any CPU
		{8C27904A-47C0-44C7-B191-88FF34580CBE}.Release|ARM64.ActiveCfg = Release|Any CPU
		{8C27904A-47C0-44C7-B191-88FF34580CBE}.Release|ARM64.Build.0 = Release|Any CPU
		{8C27904A-47C0-44C7-B191-88FF34580CBE}.Release|x64.ActiveCfg = Release|Any CPU
		{8C27904A-47C0-44C7-B191-88FF34580CBE}.Release|x64.Build.0 = Release|Any CPU
		{8C27904A-47C0-44C7-B191-88FF34580CBE}.Release|x86.ActiveCfg = Release|Any CPU
		{8C27904A-47C0-44C7-B191-88FF34580CBE}.Release|x86.Build.0 = Release|Any CPU
		{8C27904A-47C0-44C7-B191-88FF34580CBE}.RelWithDebInfo|Any CPU.ActiveCfg = Release|Any CPU
		{8C27904A-47C0-44C7-B191-88FF34580CBE}.RelWithDebInfo|Any CPU.Build.0 = Release|Any CPU
		{8C27904A-47C0-44C7-B191-88FF34580CBE}.RelWithDebInfo|ARM.ActiveCfg = Release|Any CPU
		{8C27904A-47C0-44C7-B191-88FF34580CBE}.RelWithDebInfo|ARM.Build.0 = Release|Any CPU
		{8C27904A-47C0-44C7-B191-88FF34580CBE}.RelWithDebInfo|ARM64.ActiveCfg = Release|Any CPU
		{8C27904A-47C0-44C7-B191-88FF34580CBE}.RelWithDebInfo|ARM64.Build.0 = Release|Any CPU
		{8C27904A-47C0-44C7-B191-88FF34580CBE}.RelWithDebInfo|x64.ActiveCfg = Release|Any CPU
		{8C27904A-47C0-44C7-B191-88FF34580CBE}.RelWithDebInfo|x64.Build.0 = Release|Any CPU
		{8C27904A-47C0-44C7-B191-88FF34580CBE}.RelWithDebInfo|x86.ActiveCfg = Release|Any CPU
		{8C27904A-47C0-44C7-B191-88FF34580CBE}.RelWithDebInfo|x86.Build.0 = Release|Any CPU
		{84881FB8-37E1-4D9B-B27E-9831C30DCC04}.Checked|Any CPU.ActiveCfg = Debug|Any CPU
		{84881FB8-37E1-4D9B-B27E-9831C30DCC04}.Checked|Any CPU.Build.0 = Debug|Any CPU
		{84881FB8-37E1-4D9B-B27E-9831C30DCC04}.Checked|ARM.ActiveCfg = Debug|Any CPU
		{84881FB8-37E1-4D9B-B27E-9831C30DCC04}.Checked|ARM.Build.0 = Debug|Any CPU
		{84881FB8-37E1-4D9B-B27E-9831C30DCC04}.Checked|ARM64.ActiveCfg = Debug|Any CPU
		{84881FB8-37E1-4D9B-B27E-9831C30DCC04}.Checked|ARM64.Build.0 = Debug|Any CPU
		{84881FB8-37E1-4D9B-B27E-9831C30DCC04}.Checked|x64.ActiveCfg = Debug|Any CPU
		{84881FB8-37E1-4D9B-B27E-9831C30DCC04}.Checked|x64.Build.0 = Debug|Any CPU
		{84881FB8-37E1-4D9B-B27E-9831C30DCC04}.Checked|x86.ActiveCfg = Debug|Any CPU
		{84881FB8-37E1-4D9B-B27E-9831C30DCC04}.Checked|x86.Build.0 = Debug|Any CPU
		{84881FB8-37E1-4D9B-B27E-9831C30DCC04}.Debug|Any CPU.ActiveCfg = Debug|Any CPU
		{84881FB8-37E1-4D9B-B27E-9831C30DCC04}.Debug|Any CPU.Build.0 = Debug|Any CPU
		{84881FB8-37E1-4D9B-B27E-9831C30DCC04}.Debug|ARM.ActiveCfg = Debug|Any CPU
		{84881FB8-37E1-4D9B-B27E-9831C30DCC04}.Debug|ARM.Build.0 = Debug|Any CPU
		{84881FB8-37E1-4D9B-B27E-9831C30DCC04}.Debug|ARM64.ActiveCfg = Debug|Any CPU
		{84881FB8-37E1-4D9B-B27E-9831C30DCC04}.Debug|ARM64.Build.0 = Debug|Any CPU
		{84881FB8-37E1-4D9B-B27E-9831C30DCC04}.Debug|x64.ActiveCfg = Debug|Any CPU
		{84881FB8-37E1-4D9B-B27E-9831C30DCC04}.Debug|x64.Build.0 = Debug|Any CPU
		{84881FB8-37E1-4D9B-B27E-9831C30DCC04}.Debug|x86.ActiveCfg = Debug|Any CPU
		{84881FB8-37E1-4D9B-B27E-9831C30DCC04}.Debug|x86.Build.0 = Debug|Any CPU
		{84881FB8-37E1-4D9B-B27E-9831C30DCC04}.Release|Any CPU.ActiveCfg = Release|Any CPU
		{84881FB8-37E1-4D9B-B27E-9831C30DCC04}.Release|Any CPU.Build.0 = Release|Any CPU
		{84881FB8-37E1-4D9B-B27E-9831C30DCC04}.Release|ARM.ActiveCfg = Release|Any CPU
		{84881FB8-37E1-4D9B-B27E-9831C30DCC04}.Release|ARM.Build.0 = Release|Any CPU
		{84881FB8-37E1-4D9B-B27E-9831C30DCC04}.Release|ARM64.ActiveCfg = Release|Any CPU
		{84881FB8-37E1-4D9B-B27E-9831C30DCC04}.Release|ARM64.Build.0 = Release|Any CPU
		{84881FB8-37E1-4D9B-B27E-9831C30DCC04}.Release|x64.ActiveCfg = Release|Any CPU
		{84881FB8-37E1-4D9B-B27E-9831C30DCC04}.Release|x64.Build.0 = Release|Any CPU
		{84881FB8-37E1-4D9B-B27E-9831C30DCC04}.Release|x86.ActiveCfg = Release|Any CPU
		{84881FB8-37E1-4D9B-B27E-9831C30DCC04}.Release|x86.Build.0 = Release|Any CPU
		{84881FB8-37E1-4D9B-B27E-9831C30DCC04}.RelWithDebInfo|Any CPU.ActiveCfg = Release|Any CPU
		{84881FB8-37E1-4D9B-B27E-9831C30DCC04}.RelWithDebInfo|Any CPU.Build.0 = Release|Any CPU
		{84881FB8-37E1-4D9B-B27E-9831C30DCC04}.RelWithDebInfo|ARM.ActiveCfg = Release|Any CPU
		{84881FB8-37E1-4D9B-B27E-9831C30DCC04}.RelWithDebInfo|ARM.Build.0 = Release|Any CPU
		{84881FB8-37E1-4D9B-B27E-9831C30DCC04}.RelWithDebInfo|ARM64.ActiveCfg = Release|Any CPU
		{84881FB8-37E1-4D9B-B27E-9831C30DCC04}.RelWithDebInfo|ARM64.Build.0 = Release|Any CPU
		{84881FB8-37E1-4D9B-B27E-9831C30DCC04}.RelWithDebInfo|x64.ActiveCfg = Release|Any CPU
		{84881FB8-37E1-4D9B-B27E-9831C30DCC04}.RelWithDebInfo|x64.Build.0 = Release|Any CPU
		{84881FB8-37E1-4D9B-B27E-9831C30DCC04}.RelWithDebInfo|x86.ActiveCfg = Release|Any CPU
		{84881FB8-37E1-4D9B-B27E-9831C30DCC04}.RelWithDebInfo|x86.Build.0 = Release|Any CPU
		{0A34CA51-8B8C-41A1-BE24-AB2C574EA144}.Checked|Any CPU.ActiveCfg = Debug|Any CPU
		{0A34CA51-8B8C-41A1-BE24-AB2C574EA144}.Checked|Any CPU.Build.0 = Debug|Any CPU
		{0A34CA51-8B8C-41A1-BE24-AB2C574EA144}.Checked|ARM.ActiveCfg = Debug|Any CPU
		{0A34CA51-8B8C-41A1-BE24-AB2C574EA144}.Checked|ARM.Build.0 = Debug|Any CPU
		{0A34CA51-8B8C-41A1-BE24-AB2C574EA144}.Checked|ARM64.ActiveCfg = Debug|Any CPU
		{0A34CA51-8B8C-41A1-BE24-AB2C574EA144}.Checked|ARM64.Build.0 = Debug|Any CPU
		{0A34CA51-8B8C-41A1-BE24-AB2C574EA144}.Checked|x64.ActiveCfg = Debug|Any CPU
		{0A34CA51-8B8C-41A1-BE24-AB2C574EA144}.Checked|x64.Build.0 = Debug|Any CPU
		{0A34CA51-8B8C-41A1-BE24-AB2C574EA144}.Checked|x86.ActiveCfg = Debug|Any CPU
		{0A34CA51-8B8C-41A1-BE24-AB2C574EA144}.Checked|x86.Build.0 = Debug|Any CPU
		{0A34CA51-8B8C-41A1-BE24-AB2C574EA144}.Debug|Any CPU.ActiveCfg = Debug|Any CPU
		{0A34CA51-8B8C-41A1-BE24-AB2C574EA144}.Debug|Any CPU.Build.0 = Debug|Any CPU
		{0A34CA51-8B8C-41A1-BE24-AB2C574EA144}.Debug|ARM.ActiveCfg = Debug|Any CPU
		{0A34CA51-8B8C-41A1-BE24-AB2C574EA144}.Debug|ARM.Build.0 = Debug|Any CPU
		{0A34CA51-8B8C-41A1-BE24-AB2C574EA144}.Debug|ARM64.ActiveCfg = Debug|Any CPU
		{0A34CA51-8B8C-41A1-BE24-AB2C574EA144}.Debug|ARM64.Build.0 = Debug|Any CPU
		{0A34CA51-8B8C-41A1-BE24-AB2C574EA144}.Debug|x64.ActiveCfg = Debug|Any CPU
		{0A34CA51-8B8C-41A1-BE24-AB2C574EA144}.Debug|x64.Build.0 = Debug|Any CPU
		{0A34CA51-8B8C-41A1-BE24-AB2C574EA144}.Debug|x86.ActiveCfg = Debug|Any CPU
		{0A34CA51-8B8C-41A1-BE24-AB2C574EA144}.Debug|x86.Build.0 = Debug|Any CPU
		{0A34CA51-8B8C-41A1-BE24-AB2C574EA144}.Release|Any CPU.ActiveCfg = Release|Any CPU
		{0A34CA51-8B8C-41A1-BE24-AB2C574EA144}.Release|Any CPU.Build.0 = Release|Any CPU
		{0A34CA51-8B8C-41A1-BE24-AB2C574EA144}.Release|ARM.ActiveCfg = Release|Any CPU
		{0A34CA51-8B8C-41A1-BE24-AB2C574EA144}.Release|ARM.Build.0 = Release|Any CPU
		{0A34CA51-8B8C-41A1-BE24-AB2C574EA144}.Release|ARM64.ActiveCfg = Release|Any CPU
		{0A34CA51-8B8C-41A1-BE24-AB2C574EA144}.Release|ARM64.Build.0 = Release|Any CPU
		{0A34CA51-8B8C-41A1-BE24-AB2C574EA144}.Release|x64.ActiveCfg = Release|Any CPU
		{0A34CA51-8B8C-41A1-BE24-AB2C574EA144}.Release|x64.Build.0 = Release|Any CPU
		{0A34CA51-8B8C-41A1-BE24-AB2C574EA144}.Release|x86.ActiveCfg = Release|Any CPU
		{0A34CA51-8B8C-41A1-BE24-AB2C574EA144}.Release|x86.Build.0 = Release|Any CPU
		{0A34CA51-8B8C-41A1-BE24-AB2C574EA144}.RelWithDebInfo|Any CPU.ActiveCfg = Release|Any CPU
		{0A34CA51-8B8C-41A1-BE24-AB2C574EA144}.RelWithDebInfo|Any CPU.Build.0 = Release|Any CPU
		{0A34CA51-8B8C-41A1-BE24-AB2C574EA144}.RelWithDebInfo|ARM.ActiveCfg = Release|Any CPU
		{0A34CA51-8B8C-41A1-BE24-AB2C574EA144}.RelWithDebInfo|ARM.Build.0 = Release|Any CPU
		{0A34CA51-8B8C-41A1-BE24-AB2C574EA144}.RelWithDebInfo|ARM64.ActiveCfg = Release|Any CPU
		{0A34CA51-8B8C-41A1-BE24-AB2C574EA144}.RelWithDebInfo|ARM64.Build.0 = Release|Any CPU
		{0A34CA51-8B8C-41A1-BE24-AB2C574EA144}.RelWithDebInfo|x64.ActiveCfg = Release|Any CPU
		{0A34CA51-8B8C-41A1-BE24-AB2C574EA144}.RelWithDebInfo|x64.Build.0 = Release|Any CPU
		{0A34CA51-8B8C-41A1-BE24-AB2C574EA144}.RelWithDebInfo|x86.ActiveCfg = Release|Any CPU
		{0A34CA51-8B8C-41A1-BE24-AB2C574EA144}.RelWithDebInfo|x86.Build.0 = Release|Any CPU
		{F9A69812-DC52-428D-9DB1-8B831A8FF776}.Checked|Any CPU.ActiveCfg = Debug|Any CPU
		{F9A69812-DC52-428D-9DB1-8B831A8FF776}.Checked|Any CPU.Build.0 = Debug|Any CPU
		{F9A69812-DC52-428D-9DB1-8B831A8FF776}.Checked|ARM.ActiveCfg = Debug|Any CPU
		{F9A69812-DC52-428D-9DB1-8B831A8FF776}.Checked|ARM.Build.0 = Debug|Any CPU
		{F9A69812-DC52-428D-9DB1-8B831A8FF776}.Checked|ARM64.ActiveCfg = Debug|Any CPU
		{F9A69812-DC52-428D-9DB1-8B831A8FF776}.Checked|ARM64.Build.0 = Debug|Any CPU
		{F9A69812-DC52-428D-9DB1-8B831A8FF776}.Checked|x64.ActiveCfg = Debug|Any CPU
		{F9A69812-DC52-428D-9DB1-8B831A8FF776}.Checked|x64.Build.0 = Debug|Any CPU
		{F9A69812-DC52-428D-9DB1-8B831A8FF776}.Checked|x86.ActiveCfg = Debug|Any CPU
		{F9A69812-DC52-428D-9DB1-8B831A8FF776}.Checked|x86.Build.0 = Debug|Any CPU
		{F9A69812-DC52-428D-9DB1-8B831A8FF776}.Debug|Any CPU.ActiveCfg = Debug|Any CPU
		{F9A69812-DC52-428D-9DB1-8B831A8FF776}.Debug|Any CPU.Build.0 = Debug|Any CPU
		{F9A69812-DC52-428D-9DB1-8B831A8FF776}.Debug|ARM.ActiveCfg = Debug|Any CPU
		{F9A69812-DC52-428D-9DB1-8B831A8FF776}.Debug|ARM.Build.0 = Debug|Any CPU
		{F9A69812-DC52-428D-9DB1-8B831A8FF776}.Debug|ARM64.ActiveCfg = Debug|Any CPU
		{F9A69812-DC52-428D-9DB1-8B831A8FF776}.Debug|ARM64.Build.0 = Debug|Any CPU
		{F9A69812-DC52-428D-9DB1-8B831A8FF776}.Debug|x64.ActiveCfg = Debug|Any CPU
		{F9A69812-DC52-428D-9DB1-8B831A8FF776}.Debug|x64.Build.0 = Debug|Any CPU
		{F9A69812-DC52-428D-9DB1-8B831A8FF776}.Debug|x86.ActiveCfg = Debug|Any CPU
		{F9A69812-DC52-428D-9DB1-8B831A8FF776}.Debug|x86.Build.0 = Debug|Any CPU
		{F9A69812-DC52-428D-9DB1-8B831A8FF776}.Release|Any CPU.ActiveCfg = Release|Any CPU
		{F9A69812-DC52-428D-9DB1-8B831A8FF776}.Release|Any CPU.Build.0 = Release|Any CPU
		{F9A69812-DC52-428D-9DB1-8B831A8FF776}.Release|ARM.ActiveCfg = Release|Any CPU
		{F9A69812-DC52-428D-9DB1-8B831A8FF776}.Release|ARM.Build.0 = Release|Any CPU
		{F9A69812-DC52-428D-9DB1-8B831A8FF776}.Release|ARM64.ActiveCfg = Release|Any CPU
		{F9A69812-DC52-428D-9DB1-8B831A8FF776}.Release|ARM64.Build.0 = Release|Any CPU
		{F9A69812-DC52-428D-9DB1-8B831A8FF776}.Release|x64.ActiveCfg = Release|Any CPU
		{F9A69812-DC52-428D-9DB1-8B831A8FF776}.Release|x64.Build.0 = Release|Any CPU
		{F9A69812-DC52-428D-9DB1-8B831A8FF776}.Release|x86.ActiveCfg = Release|Any CPU
		{F9A69812-DC52-428D-9DB1-8B831A8FF776}.Release|x86.Build.0 = Release|Any CPU
		{F9A69812-DC52-428D-9DB1-8B831A8FF776}.RelWithDebInfo|Any CPU.ActiveCfg = Release|Any CPU
		{F9A69812-DC52-428D-9DB1-8B831A8FF776}.RelWithDebInfo|Any CPU.Build.0 = Release|Any CPU
		{F9A69812-DC52-428D-9DB1-8B831A8FF776}.RelWithDebInfo|ARM.ActiveCfg = Release|Any CPU
		{F9A69812-DC52-428D-9DB1-8B831A8FF776}.RelWithDebInfo|ARM.Build.0 = Release|Any CPU
		{F9A69812-DC52-428D-9DB1-8B831A8FF776}.RelWithDebInfo|ARM64.ActiveCfg = Release|Any CPU
		{F9A69812-DC52-428D-9DB1-8B831A8FF776}.RelWithDebInfo|ARM64.Build.0 = Release|Any CPU
		{F9A69812-DC52-428D-9DB1-8B831A8FF776}.RelWithDebInfo|x64.ActiveCfg = Release|Any CPU
		{F9A69812-DC52-428D-9DB1-8B831A8FF776}.RelWithDebInfo|x64.Build.0 = Release|Any CPU
		{F9A69812-DC52-428D-9DB1-8B831A8FF776}.RelWithDebInfo|x86.ActiveCfg = Release|Any CPU
		{F9A69812-DC52-428D-9DB1-8B831A8FF776}.RelWithDebInfo|x86.Build.0 = Release|Any CPU
	EndGlobalSection
	GlobalSection(SolutionProperties) = preSolution
		HideSolutionNode = FALSE
	EndGlobalSection
	GlobalSection(NestedProjects) = preSolution
		{6C43BE85-F8C3-4D76-8050-F25CE953A7FD} = {C3072949-6D24-451B-A308-2F3621F858B0}
		{41638A4C-0DAF-47ED-A774-ECBBAC0315D7} = {19FAB78C-3351-4911-8F0C-8C6056401740}
		{C3072949-6D24-451B-A308-2F3621F858B0} = {41638A4C-0DAF-47ED-A774-ECBBAC0315D7}
		{252E5845-8D4C-4306-9D8F-ED2E2F7005F6} = {C3072949-6D24-451B-A308-2F3621F858B0}
		{179EF543-E30A-4428-ABA0-2E2621860173} = {C3072949-6D24-451B-A308-2F3621F858B0}
		{447AC053-2E0A-4119-BD11-30A4A8E3F765} = {C3072949-6D24-451B-A308-2F3621F858B0}
		{664F46A9-3C99-489B-AAB9-4CD3A430C425} = {C3072949-6D24-451B-A308-2F3621F858B0}
		{0CB805C8-0B76-4B1D-8AAF-48535B180448} = {C3072949-6D24-451B-A308-2F3621F858B0}
		{20251748-AA7B-45BE-ADAA-C9375F5CC80F} = {C3072949-6D24-451B-A308-2F3621F858B0}
		{DDDA69DF-2C4C-477A-B6C9-B4FE73C6E288} = {C3072949-6D24-451B-A308-2F3621F858B0}
		{73EA5188-1E4F-42D8-B63E-F1B878A4EB63} = {C3072949-6D24-451B-A308-2F3621F858B0}
		{B50D14DB-8EE5-47BD-B412-62FA5C693CC7} = {C3072949-6D24-451B-A308-2F3621F858B0}
		{112FE2A7-3FD2-4496-8A14-171898AD5CF5} = {C3072949-6D24-451B-A308-2F3621F858B0}
		{8C27904A-47C0-44C7-B191-88FF34580CBE} = {C3072949-6D24-451B-A308-2F3621F858B0}
		{84881FB8-37E1-4D9B-B27E-9831C30DCC04} = {C3072949-6D24-451B-A308-2F3621F858B0}
		{0A34CA51-8B8C-41A1-BE24-AB2C574EA144} = {C3072949-6D24-451B-A308-2F3621F858B0}
		{F9A69812-DC52-428D-9DB1-8B831A8FF776} = {C3072949-6D24-451B-A308-2F3621F858B0}
	EndGlobalSection
	GlobalSection(ExtensibilityGlobals) = postSolution
		SolutionGuid = {46465737-C938-44FC-BE1A-4CE139EBB5E0}
	EndGlobalSection
EndGlobal
