
Microsoft Visual Studio Solution File, Format Version 12.00
# Visual Studio Version 17
VisualStudioVersion = 17.12.35309.182
MinimumVisualStudioVersion = 10.0.40219.1
Project("{9A19103F-16F7-4668-BE54-9A1E7A4F7556}") = "TestDebuggee", "src\tests\Debuggees\TestDebuggee\TestDebuggee.csproj", "{6C43BE85-F8C3-4D76-8050-F25CE953A7FD}"
EndProject
Project("{2150E333-8FDC-42A3-9474-1A3956D46DE8}") = "tests", "src\tests", "{19FAB78C-3351-4911-8F0C-8C6056401740}"
EndProject
Project("{2150E333-8FDC-42A3-9474-1A3956D46DE8}") = "Debuggees", "Debuggees", "{C3072949-6D24-451B-A308-2F3621F858B0}"
EndProject
Project("{9A19103F-16F7-4668-BE54-9A1E7A4F7556}") = "WebApp3", "src\tests\Debuggees\WebApp3\WebApp3.csproj", "{252E5845-8D4C-4306-9D8F-ED2E2F7005F6}"
EndProject
Project("{9A19103F-16F7-4668-BE54-9A1E7A4F7556}") = "SimpleThrow", "src\tests\Debuggees\SimpleThrow\SimpleThrow.csproj", "{179EF543-E30A-4428-ABA0-2E2621860173}"
EndProject
Project("{9A19103F-16F7-4668-BE54-9A1E7A4F7556}") = "DivZero", "src\tests\Debuggees\DivZero\DivZero.csproj", "{447AC053-2E0A-4119-BD11-30A4A8E3F765}"
EndProject
Project("{9A19103F-16F7-4668-BE54-9A1E7A4F7556}") = "GCWhere", "src\tests\Debuggees\GCWhere\GCWhere.csproj", "{664F46A9-3C99-489B-AAB9-4CD3A430C425}"
EndProject
Project("{9A19103F-16F7-4668-BE54-9A1E7A4F7556}") = "NestedExceptionTest", "src\tests\Debuggees\NestedExceptionTest\NestedExceptionTest.csproj", "{0CB805C8-0B76-4B1D-8AAF-48535B180448}"
EndProject
Project("{9A19103F-16F7-4668-BE54-9A1E7A4F7556}") = "Overflow", "src\tests\Debuggees\Overflow\Overflow.csproj", "{20251748-AA7B-45BE-ADAA-C9375F5CC80F}"
EndProject
Project("{9A19103F-16F7-4668-BE54-9A1E7A4F7556}") = "ReflectionTest", "src\tests\Debuggees\ReflectionTest\ReflectionTest.csproj", "{DDDA69DF-2C4C-477A-B6C9-B4FE73C6E288}"
EndProject
Project("{9A19103F-16F7-4668-BE54-9A1E7A4F7556}") = "TaskNestedException", "src\tests\Debuggees\TaskNestedException\TaskNestedException\TaskNestedException.csproj", "{73EA5188-1E4F-42D8-B63E-F1B878A4EB63}"
EndProject
Project("{9A19103F-16F7-4668-BE54-9A1E7A4F7556}") = "RandomUserLibrary", "src\tests\Debuggees\TaskNestedException\RandomUserLibrary\RandomUserLibrary.csproj", "{B50D14DB-8EE5-47BD-B412-62FA5C693CC7}"
EndProject
Project("{9A19103F-16F7-4668-BE54-9A1E7A4F7556}") = "SymbolTestApp", "src\tests\Debuggees\SymbolTestApp\SymbolTestApp\SymbolTestApp.csproj", "{112FE2A7-3FD2-4496-8A14-171898AD5CF5}"
EndProject
Project("{9A19103F-16F7-4668-BE54-9A1E7A4F7556}") = "SymbolTestDll", "src\tests\Debuggees\SymbolTestApp\SymbolTestDll\SymbolTestDll.csproj", "{8C27904A-47C0-44C7-B191-88FF34580CBE}"
EndProject
Project("{9A19103F-16F7-4668-BE54-9A1E7A4F7556}") = "LineNums", "src\tests\Debuggees\LineNums\LineNums.csproj", "{84881FB8-37E1-4D9B-B27E-9831C30DCC04}"
EndProject
Project("{9A19103F-16F7-4668-BE54-9A1E7A4F7556}") = "GCPOH", "src\tests\Debuggees\GCPOH\GCPOH.csproj", "{0A34CA51-8B8C-41A1-BE24-AB2C574EA144}"
EndProject
Project("{9A19103F-16F7-4668-BE54-9A1E7A4F7556}") = "DotnetDumpCommands", "src\tests\Debuggees\DotnetDumpCommands\DotnetDumpCommands.csproj", "{F9A69812-DC52-428D-9DB1-8B831A8FF776}"
EndProject
Project("{FAE04EC0-301F-11D3-BF4B-00C04F79EFBC}") = "DynamicMethod", "src\tests\Debuggees\DynamicMethod\DynamicMethod.csproj", "{2F9AA5A9-D42A-42C6-B483-1B9284C62F91}"
EndProject
Project("{FAE04EC0-301F-11D3-BF4B-00C04F79EFBC}") = "EventPipeTracee", "src\tests\Debuggees\EventPipeTracee\EventPipeTracee.csproj", "{85F3B31D-7B83-B76A-3CD4-4EF3B250329D}"
EndProject
Project("{FAE04EC0-301F-11D3-BF4B-00C04F79EFBC}") = "ExitCodeTracee", "src\tests\Debuggees\ExitCodeTracee\ExitCodeTracee.csproj", "{1270B50E-1BC3-161C-3052-F62FF5950154}"
EndProject
Project("{FAE04EC0-301F-11D3-BF4B-00C04F79EFBC}") = "StackTracee", "src\tests\Debuggees\StackTracee\StackTracee.csproj", "{904C1E5E-D18C-24A8-0B40-3372622A5105}"
EndProject
Project("{FAE04EC0-301F-11D3-BF4B-00C04F79EFBC}") = "SimpleDebuggee", "src\tests\Debuggees\SimpleDebuggee\SimpleDebuggee.csproj", "{C8CE4E7D-F2C1-8B9A-9C59-AF80F9D64EB7}"
EndProject
Project("{FAE04EC0-301F-11D3-BF4B-00C04F79EFBC}") = "Tracee", "src\tests\Debuggees\Tracee\Tracee.csproj", "{9FA6DB05-57C1-8E9B-8CA4-850511BEB66A}"
EndProject
Global
	GlobalSection(SolutionConfigurationPlatforms) = preSolution
		Checked|Any CPU = Checked|Any CPU
		Checked|ARM = Checked|ARM
		Checked|ARM64 = Checked|ARM64
		Checked|x64 = Checked|x64
		Checked|x86 = Checked|x86
		Debug|Any CPU = Debug|Any CPU
		Debug|ARM = Debug|ARM
		Debug|ARM64 = Debug|ARM64
		Debug|x64 = Debug|x64
		Debug|x86 = Debug|x86
		Release|Any CPU = Release|Any CPU
		Release|ARM = Release|ARM
		Release|ARM64 = Release|ARM64
		Release|x64 = Release|x64
		Release|x86 = Release|x86
		RelWithDebInfo|Any CPU = RelWithDebInfo|Any CPU
		RelWithDebInfo|ARM = RelWithDebInfo|ARM
		RelWithDebInfo|ARM64 = RelWithDebInfo|ARM64
		RelWithDebInfo|x64 = RelWithDebInfo|x64
		RelWithDebInfo|x86 = RelWithDebInfo|x86
	EndGlobalSection
	GlobalSection(ProjectConfigurationPlatforms) = postSolution
		{6C43BE85-F8C3-4D76-8050-F25CE953A7FD}.Checked|Any CPU.ActiveCfg = Release|Any CPU
		{6C43BE85-F8C3-4D76-8050-F25CE953A7FD}.Checked|Any CPU.Build.0 = Release|Any CPU
		{6C43BE85-F8C3-4D76-8050-F25CE953A7FD}.Checked|ARM.ActiveCfg = Release|Any CPU
		{6C43BE85-F8C3-4D76-8050-F25CE953A7FD}.Checked|ARM.Build.0 = Release|Any CPU
		{6C43BE85-F8C3-4D76-8050-F25CE953A7FD}.Checked|ARM64.ActiveCfg = Release|Any CPU
		{6C43BE85-F8C3-4D76-8050-F25CE953A7FD}.Checked|ARM64.Build.0 = Release|Any CPU
		{6C43BE85-F8C3-4D76-8050-F25CE953A7FD}.Checked|x64.ActiveCfg = Release|Any CPU
		{6C43BE85-F8C3-4D76-8050-F25CE953A7FD}.Checked|x64.Build.0 = Release|Any CPU
		{6C43BE85-F8C3-4D76-8050-F25CE953A7FD}.Checked|x86.ActiveCfg = Release|Any CPU
		{6C43BE85-F8C3-4D76-8050-F25CE953A7FD}.Checked|x86.Build.0 = Release|Any CPU
		{6C43BE85-F8C3-4D76-8050-F25CE953A7FD}.Debug|Any CPU.ActiveCfg = Debug|Any CPU
		{6C43BE85-F8C3-4D76-8050-F25CE953A7FD}.Debug|Any CPU.Build.0 = Debug|Any CPU
		{6C43BE85-F8C3-4D76-8050-F25CE953A7FD}.Debug|ARM.ActiveCfg = Debug|Any CPU
		{6C43BE85-F8C3-4D76-8050-F25CE953A7FD}.Debug|ARM.Build.0 = Debug|Any CPU
		{6C43BE85-F8C3-4D76-8050-F25CE953A7FD}.Debug|ARM64.ActiveCfg = Debug|Any CPU
		{6C43BE85-F8C3-4D76-8050-F25CE953A7FD}.Debug|ARM64.Build.0 = Debug|Any CPU
		{6C43BE85-F8C3-4D76-8050-F25CE953A7FD}.Debug|x64.ActiveCfg = Debug|Any CPU
		{6C43BE85-F8C3-4D76-8050-F25CE953A7FD}.Debug|x64.Build.0 = Debug|Any CPU
		{6C43BE85-F8C3-4D76-8050-F25CE953A7FD}.Debug|x86.ActiveCfg = Debug|Any CPU
		{6C43BE85-F8C3-4D76-8050-F25CE953A7FD}.Debug|x86.Build.0 = Debug|Any CPU
		{6C43BE85-F8C3-4D76-8050-F25CE953A7FD}.Release|Any CPU.ActiveCfg = Release|Any CPU
		{6C43BE85-F8C3-4D76-8050-F25CE953A7FD}.Release|Any CPU.Build.0 = Release|Any CPU
		{6C43BE85-F8C3-4D76-8050-F25CE953A7FD}.Release|ARM.ActiveCfg = Release|Any CPU
		{6C43BE85-F8C3-4D76-8050-F25CE953A7FD}.Release|ARM.Build.0 = Release|Any CPU
		{6C43BE85-F8C3-4D76-8050-F25CE953A7FD}.Release|ARM64.ActiveCfg = Release|Any CPU
		{6C43BE85-F8C3-4D76-8050-F25CE953A7FD}.Release|ARM64.Build.0 = Release|Any CPU
		{6C43BE85-F8C3-4D76-8050-F25CE953A7FD}.Release|x64.ActiveCfg = Release|Any CPU
		{6C43BE85-F8C3-4D76-8050-F25CE953A7FD}.Release|x64.Build.0 = Release|Any CPU
		{6C43BE85-F8C3-4D76-8050-F25CE953A7FD}.Release|x86.ActiveCfg = Release|Any CPU
		{6C43BE85-F8C3-4D76-8050-F25CE953A7FD}.Release|x86.Build.0 = Release|Any CPU
		{6C43BE85-F8C3-4D76-8050-F25CE953A7FD}.RelWithDebInfo|Any CPU.ActiveCfg = Release|Any CPU
		{6C43BE85-F8C3-4D76-8050-F25CE953A7FD}.RelWithDebInfo|Any CPU.Build.0 = Release|Any CPU
		{6C43BE85-F8C3-4D76-8050-F25CE953A7FD}.RelWithDebInfo|ARM.ActiveCfg = Release|Any CPU
		{6C43BE85-F8C3-4D76-8050-F25CE953A7FD}.RelWithDebInfo|ARM.Build.0 = Release|Any CPU
		{6C43BE85-F8C3-4D76-8050-F25CE953A7FD}.RelWithDebInfo|ARM64.ActiveCfg = Release|Any CPU
		{6C43BE85-F8C3-4D76-8050-F25CE953A7FD}.RelWithDebInfo|ARM64.Build.0 = Release|Any CPU
		{6C43BE85-F8C3-4D76-8050-F25CE953A7FD}.RelWithDebInfo|x64.ActiveCfg = Release|Any CPU
		{6C43BE85-F8C3-4D76-8050-F25CE953A7FD}.RelWithDebInfo|x64.Build.0 = Release|Any CPU
		{6C43BE85-F8C3-4D76-8050-F25CE953A7FD}.RelWithDebInfo|x86.ActiveCfg = Release|Any CPU
		{6C43BE85-F8C3-4D76-8050-F25CE953A7FD}.RelWithDebInfo|x86.Build.0 = Release|Any CPU
		{252E5845-8D4C-4306-9D8F-ED2E2F7005F6}.Checked|Any CPU.ActiveCfg = Debug|Any CPU
		{252E5845-8D4C-4306-9D8F-ED2E2F7005F6}.Checked|Any CPU.Build.0 = Debug|Any CPU
		{252E5845-8D4C-4306-9D8F-ED2E2F7005F6}.Checked|ARM.ActiveCfg = Debug|Any CPU
		{252E5845-8D4C-4306-9D8F-ED2E2F7005F6}.Checked|ARM.Build.0 = Debug|Any CPU
		{252E5845-8D4C-4306-9D8F-ED2E2F7005F6}.Checked|ARM64.ActiveCfg = Debug|Any CPU
		{252E5845-8D4C-4306-9D8F-ED2E2F7005F6}.Checked|ARM64.Build.0 = Debug|Any CPU
		{252E5845-8D4C-4306-9D8F-ED2E2F7005F6}.Checked|x64.ActiveCfg = Debug|Any CPU
		{252E5845-8D4C-4306-9D8F-ED2E2F7005F6}.Checked|x64.Build.0 = Debug|Any CPU
		{252E5845-8D4C-4306-9D8F-ED2E2F7005F6}.Checked|x86.ActiveCfg = Debug|Any CPU
		{252E5845-8D4C-4306-9D8F-ED2E2F7005F6}.Checked|x86.Build.0 = Debug|Any CPU
		{252E5845-8D4C-4306-9D8F-ED2E2F7005F6}.Debug|Any CPU.ActiveCfg = Debug|Any CPU
		{252E5845-8D4C-4306-9D8F-ED2E2F7005F6}.Debug|Any CPU.Build.0 = Debug|Any CPU
		{252E5845-8D4C-4306-9D8F-ED2E2F7005F6}.Debug|ARM.ActiveCfg = Debug|Any CPU
		{252E5845-8D4C-4306-9D8F-ED2E2F7005F6}.Debug|ARM.Build.0 = Debug|Any CPU
		{252E5845-8D4C-4306-9D8F-ED2E2F7005F6}.Debug|ARM64.ActiveCfg = Debug|Any CPU
		{252E5845-8D4C-4306-9D8F-ED2E2F7005F6}.Debug|ARM64.Build.0 = Debug|Any CPU
		{252E5845-8D4C-4306-9D8F-ED2E2F7005F6}.Debug|x64.ActiveCfg = Debug|Any CPU
		{252E5845-8D4C-4306-9D8F-ED2E2F7005F6}.Debug|x64.Build.0 = Debug|Any CPU
		{252E5845-8D4C-4306-9D8F-ED2E2F7005F6}.Debug|x86.ActiveCfg = Debug|Any CPU
		{252E5845-8D4C-4306-9D8F-ED2E2F7005F6}.Debug|x86.Build.0 = Debug|Any CPU
		{252E5845-8D4C-4306-9D8F-ED2E2F7005F6}.Release|Any CPU.ActiveCfg = Release|Any CPU
		{252E5845-8D4C-4306-9D8F-ED2E2F7005F6}.Release|Any CPU.Build.0 = Release|Any CPU
		{252E5845-8D4C-4306-9D8F-ED2E2F7005F6}.Release|ARM.ActiveCfg = Release|Any CPU
		{252E5845-8D4C-4306-9D8F-ED2E2F7005F6}.Release|ARM.Build.0 = Release|Any CPU
		{252E5845-8D4C-4306-9D8F-ED2E2F7005F6}.Release|ARM64.ActiveCfg = Release|Any CPU
		{252E5845-8D4C-4306-9D8F-ED2E2F7005F6}.Release|ARM64.Build.0 = Release|Any CPU
		{252E5845-8D4C-4306-9D8F-ED2E2F7005F6}.Release|x64.ActiveCfg = Release|Any CPU
		{252E5845-8D4C-4306-9D8F-ED2E2F7005F6}.Release|x64.Build.0 = Release|Any CPU
		{252E5845-8D4C-4306-9D8F-ED2E2F7005F6}.Release|x86.ActiveCfg = Release|Any CPU
		{252E5845-8D4C-4306-9D8F-ED2E2F7005F6}.Release|x86.Build.0 = Release|Any CPU
		{252E5845-8D4C-4306-9D8F-ED2E2F7005F6}.RelWithDebInfo|Any CPU.ActiveCfg = Release|Any CPU
		{252E5845-8D4C-4306-9D8F-ED2E2F7005F6}.RelWithDebInfo|Any CPU.Build.0 = Release|Any CPU
		{252E5845-8D4C-4306-9D8F-ED2E2F7005F6}.RelWithDebInfo|ARM.ActiveCfg = Release|Any CPU
		{252E5845-8D4C-4306-9D8F-ED2E2F7005F6}.RelWithDebInfo|ARM.Build.0 = Release|Any CPU
		{252E5845-8D4C-4306-9D8F-ED2E2F7005F6}.RelWithDebInfo|ARM64.ActiveCfg = Release|Any CPU
		{252E5845-8D4C-4306-9D8F-ED2E2F7005F6}.RelWithDebInfo|ARM64.Build.0 = Release|Any CPU
		{252E5845-8D4C-4306-9D8F-ED2E2F7005F6}.RelWithDebInfo|x64.ActiveCfg = Release|Any CPU
		{252E5845-8D4C-4306-9D8F-ED2E2F7005F6}.RelWithDebInfo|x64.Build.0 = Release|Any CPU
		{252E5845-8D4C-4306-9D8F-ED2E2F7005F6}.RelWithDebInfo|x86.ActiveCfg = Release|Any CPU
		{252E5845-8D4C-4306-9D8F-ED2E2F7005F6}.RelWithDebInfo|x86.Build.0 = Release|Any CPU
		{179EF543-E30A-4428-ABA0-2E2621860173}.Checked|Any CPU.ActiveCfg = Debug|Any CPU
		{179EF543-E30A-4428-ABA0-2E2621860173}.Checked|Any CPU.Build.0 = Debug|Any CPU
		{179EF543-E30A-4428-ABA0-2E2621860173}.Checked|ARM.ActiveCfg = Debug|Any CPU
		{179EF543-E30A-4428-ABA0-2E2621860173}.Checked|ARM.Build.0 = Debug|Any CPU
... (remaining content unchanged) ...
	EndGlobalSection
	GlobalSection(SolutionProperties) = preSolution
		HideSolutionNode = FALSE
	EndGlobalSection
	GlobalSection(NestedProjects) = preSolution
		{6C43BE85-F8C3-4D76-8050-F25CE953A7FD} = {C3072949-6D24-451B-A308-2F3621F858B0}
		{C3072949-6D24-451B-A308-2F3621F858B0} = {19FAB78C-3351-4911-8F0C-8C6056401740}
		{252E5845-8D4C-4306-9D8F-ED2E2F7005F6} = {C3072949-6D24-451B-A308-2F3621F858B0}
		{179EF543-E30A-4428-ABA0-2E2621860173} = {C3072949-6D24-451B-A308-2F3621F858B0}
		{447AC053-2E0A-4119-BD11-30A4A8E3F765} = {C3072949-6D24-451B-A308-2F3621F858B0}
		{664F46A9-3C99-489B-AAB9-4CD3A430C425} = {C3072949-6D24-451B-A308-2F3621F858B0}
		{0CB805C8-0B76-4B1D-8AAF-48535B180448} = {C3072949-6D24-451B-A308-2F3621F858B0}
		{20251748-AA7B-45BE-ADAA-C9375F5CC80F} = {C3072949-6D24-451B-A308-2F3621F858B0}
		{DDDA69DF-2C4C-477A-B6C9-B4FE73C6E288} = {C3072949-6D24-451B-A308-2F3621F858B0}
		{73EA5188-1E4F-42D8-B63E-F1B878A4EB63} = {C3072949-6D24-451B-A308-2F3621F858B0}
		{B50D14DB-8EE5-47BD-B412-62FA5C693CC7} = {C3072949-6D24-451B-A308-2F3621F858B0}
		{112FE2A7-3FD2-4496-8A14-171898AD5CF5} = {C3072949-6D24-451B-A308-2F3621F858B0}
		{8C27904A-47C0-44C7-B191-88FF34580CBE} = {C3072949-6D24-451B-A308-2F3621F858B0}
		{84881FB8-37E1-4D9B-B27E-9831C30DCC04} = {C3072949-6D24-451B-A308-2F3621F858B0}
		{0A34CA51-8B8C-41A1-BE24-AB2C574EA144} = {C3072949-6D24-451B-A308-2F3621F858B0}
		{F9A69812-DC52-428D-9DB1-8B831A8FF776} = {C3072949-6D24-451B-A308-2F3621F858B0}
		{2F9AA5A9-D42A-42C6-B483-1B9284C62F91} = {C3072949-6D24-451B-A308-2F3621F858B0}
		{85F3B31D-7B83-B76A-3CD4-4EF3B250329D} = {C3072949-6D24-451B-A308-2F3621F858B0}
		{1270B50E-1BC3-161C-3052-F62FF5950154} = {C3072949-6D24-451B-A308-2F3621F858B0}
		{904C1E5E-D18C-24A8-0B40-3372622A5105} = {C3072949-6D24-451B-A308-2F3621F858B0}
		{C8CE4E7D-F2C1-8B9A-9C59-AF80F9D64EB7} = {C3072949-6D24-451B-A308-2F3621F858B0}
		{9FA6DB05-57C1-8E9B-8CA4-850511BEB66A} = {C3072949-6D24-451B-A308-2F3621F858B0}
	EndGlobalSection
	GlobalSection(ExtensibilityGlobals) = postSolution
		SolutionGuid = {46465737-C938-44FC-BE1A-4CE139EBB5E0}
	EndGlobalSection
EndGlobal

