
Microsoft Visual Studio Solution File, Format Version 12.00
# Visual Studio 15
VisualStudioVersion = 15.0.27004.2005
MinimumVisualStudioVersion = 10.0.40219.1
Project("{9A19103F-16F7-4668-BE54-9A1E7A4F7556}") = "SOS.NETCore", "src\SOS\SOS.NETCore\SOS.NETCore.csproj", "{20513BA2-A156-4A17-4C70-5AC2DBD4F833}"
EndProject
Project("{9A19103F-16F7-4668-BE54-9A1E7A4F7556}") = "TestDebuggee", "src\SOS\lldbplugin.tests\TestDebuggee\TestDebuggee.csproj", "{6C43BE85-F8C3-4D76-8050-F25CE953A7FD}"
EndProject
Project("{9A19103F-16F7-4668-BE54-9A1E7A4F7556}") = "Microsoft.Diagnostic.TestHelpers", "src\Microsoft.Diagnostic.TestHelpers\Microsoft.Diagnostic.TestHelpers.csproj", "{730C1201-1848-4F1E-8C1F-6316FB886C35}"
EndProject
Project("{2150E333-8FDC-42A3-9474-1A3956D46DE8}") = "SOS", "SOS", "{41638A4C-0DAF-47ED-A774-ECBBAC0315D7}"
EndProject
Project("{9A19103F-16F7-4668-BE54-9A1E7A4F7556}") = "SOS.UnitTests", "src\SOS\SOS.UnitTests\SOS.UnitTests.csproj", "{1532DB3C-7DCD-45C6-B697-62B8378A16A2}"
EndProject
Project("{9A19103F-16F7-4668-BE54-9A1E7A4F7556}") = "CreateVersionFile", "eng\CreateVersionFile.csproj", "{365381BB-2A89-4F52-BC66-1BB4A9D514BB}"
EndProject
Project("{8BC9CEB8-8B4A-11D0-8D11-00A0C91BC942}") = "lldbplugin", "src\SOS\lldbplugin\lldbplugin.vcxproj", "{D52C65C4-2C7D-45E6-9F5C-6F3A96796018}"
EndProject
Project("{2150E333-8FDC-42A3-9474-1A3956D46DE8}") = "src", "src", "{19FAB78C-3351-4911-8F0C-8C6056401740}"
EndProject
Project("{2150E333-8FDC-42A3-9474-1A3956D46DE8}") = "Tools", "Tools", "{B62728C8-1267-4043-B46F-5537BBAEC692}"
EndProject
Project("{9A19103F-16F7-4668-BE54-9A1E7A4F7556}") = "dotnet-analyze", "src\Tools\dotnet-analyze\dotnet-analyze.csproj", "{1576314E-F823-4A24-BC90-22282AB33353}"
EndProject
Project("{9A19103F-16F7-4668-BE54-9A1E7A4F7556}") = "dotnet-collect", "src\Tools\dotnet-collect\dotnet-collect.csproj", "{D9972D61-4B43-4007-B983-C02718DD8D33}"
EndProject
Project("{9A19103F-16F7-4668-BE54-9A1E7A4F7556}") = "dotnet-dump", "src\Tools\dotnet-dump\dotnet-dump.csproj", "{43D41DE9-7CCC-4DCB-A68A-B9099E538125}"
EndProject
Global
	GlobalSection(SolutionConfigurationPlatforms) = preSolution
		Debug|Any CPU = Debug|Any CPU
		Debug|ARM = Debug|ARM
		Debug|ARM64 = Debug|ARM64
		Debug|x64 = Debug|x64
		Debug|x86 = Debug|x86
		Release|Any CPU = Release|Any CPU
		Release|ARM = Release|ARM
		Release|ARM64 = Release|ARM64
		Release|x64 = Release|x64
		Release|x86 = Release|x86
	EndGlobalSection
	GlobalSection(ProjectConfigurationPlatforms) = postSolution
		{20513BA2-A156-4A17-4C70-5AC2DBD4F833}.Debug|Any CPU.ActiveCfg = Debug|Any CPU
		{20513BA2-A156-4A17-4C70-5AC2DBD4F833}.Debug|Any CPU.Build.0 = Debug|Any CPU
		{20513BA2-A156-4A17-4C70-5AC2DBD4F833}.Debug|ARM.ActiveCfg = Debug|Any CPU
		{20513BA2-A156-4A17-4C70-5AC2DBD4F833}.Debug|ARM.Build.0 = Debug|Any CPU
		{20513BA2-A156-4A17-4C70-5AC2DBD4F833}.Debug|ARM64.ActiveCfg = Debug|Any CPU
		{20513BA2-A156-4A17-4C70-5AC2DBD4F833}.Debug|ARM64.Build.0 = Debug|Any CPU
		{20513BA2-A156-4A17-4C70-5AC2DBD4F833}.Debug|x64.ActiveCfg = Debug|Any CPU
		{20513BA2-A156-4A17-4C70-5AC2DBD4F833}.Debug|x64.Build.0 = Debug|Any CPU
		{20513BA2-A156-4A17-4C70-5AC2DBD4F833}.Debug|x86.ActiveCfg = Debug|Any CPU
		{20513BA2-A156-4A17-4C70-5AC2DBD4F833}.Debug|x86.Build.0 = Debug|Any CPU
		{20513BA2-A156-4A17-4C70-5AC2DBD4F833}.Release|Any CPU.ActiveCfg = Release|Any CPU
		{20513BA2-A156-4A17-4C70-5AC2DBD4F833}.Release|Any CPU.Build.0 = Release|Any CPU
		{20513BA2-A156-4A17-4C70-5AC2DBD4F833}.Release|ARM.ActiveCfg = Release|Any CPU
		{20513BA2-A156-4A17-4C70-5AC2DBD4F833}.Release|ARM.Build.0 = Release|Any CPU
		{20513BA2-A156-4A17-4C70-5AC2DBD4F833}.Release|ARM64.ActiveCfg = Release|Any CPU
		{20513BA2-A156-4A17-4C70-5AC2DBD4F833}.Release|ARM64.Build.0 = Release|Any CPU
		{20513BA2-A156-4A17-4C70-5AC2DBD4F833}.Release|x64.ActiveCfg = Release|Any CPU
		{20513BA2-A156-4A17-4C70-5AC2DBD4F833}.Release|x64.Build.0 = Release|Any CPU
		{20513BA2-A156-4A17-4C70-5AC2DBD4F833}.Release|x86.ActiveCfg = Release|Any CPU
		{20513BA2-A156-4A17-4C70-5AC2DBD4F833}.Release|x86.Build.0 = Release|Any CPU
		{6C43BE85-F8C3-4D76-8050-F25CE953A7FD}.Debug|Any CPU.ActiveCfg = Debug|Any CPU
		{6C43BE85-F8C3-4D76-8050-F25CE953A7FD}.Debug|Any CPU.Build.0 = Debug|Any CPU
		{6C43BE85-F8C3-4D76-8050-F25CE953A7FD}.Debug|ARM.ActiveCfg = Debug|Any CPU
		{6C43BE85-F8C3-4D76-8050-F25CE953A7FD}.Debug|ARM.Build.0 = Debug|Any CPU
		{6C43BE85-F8C3-4D76-8050-F25CE953A7FD}.Debug|ARM64.ActiveCfg = Debug|Any CPU
		{6C43BE85-F8C3-4D76-8050-F25CE953A7FD}.Debug|ARM64.Build.0 = Debug|Any CPU
		{6C43BE85-F8C3-4D76-8050-F25CE953A7FD}.Debug|x64.ActiveCfg = Debug|Any CPU
		{6C43BE85-F8C3-4D76-8050-F25CE953A7FD}.Debug|x64.Build.0 = Debug|Any CPU
		{6C43BE85-F8C3-4D76-8050-F25CE953A7FD}.Debug|x86.ActiveCfg = Debug|Any CPU
		{6C43BE85-F8C3-4D76-8050-F25CE953A7FD}.Debug|x86.Build.0 = Debug|Any CPU
		{6C43BE85-F8C3-4D76-8050-F25CE953A7FD}.Release|Any CPU.ActiveCfg = Release|Any CPU
		{6C43BE85-F8C3-4D76-8050-F25CE953A7FD}.Release|Any CPU.Build.0 = Release|Any CPU
		{6C43BE85-F8C3-4D76-8050-F25CE953A7FD}.Release|ARM.ActiveCfg = Release|Any CPU
		{6C43BE85-F8C3-4D76-8050-F25CE953A7FD}.Release|ARM.Build.0 = Release|Any CPU
		{6C43BE85-F8C3-4D76-8050-F25CE953A7FD}.Release|ARM64.ActiveCfg = Release|Any CPU
		{6C43BE85-F8C3-4D76-8050-F25CE953A7FD}.Release|ARM64.Build.0 = Release|Any CPU
		{6C43BE85-F8C3-4D76-8050-F25CE953A7FD}.Release|x64.ActiveCfg = Release|Any CPU
		{6C43BE85-F8C3-4D76-8050-F25CE953A7FD}.Release|x64.Build.0 = Release|Any CPU
		{6C43BE85-F8C3-4D76-8050-F25CE953A7FD}.Release|x86.ActiveCfg = Release|Any CPU
		{6C43BE85-F8C3-4D76-8050-F25CE953A7FD}.Release|x86.Build.0 = Release|Any CPU
		{730C1201-1848-4F1E-8C1F-6316FB886C35}.Debug|Any CPU.ActiveCfg = Debug|Any CPU
		{730C1201-1848-4F1E-8C1F-6316FB886C35}.Debug|Any CPU.Build.0 = Debug|Any CPU
		{730C1201-1848-4F1E-8C1F-6316FB886C35}.Debug|ARM.ActiveCfg = Debug|Any CPU
		{730C1201-1848-4F1E-8C1F-6316FB886C35}.Debug|ARM.Build.0 = Debug|Any CPU
		{730C1201-1848-4F1E-8C1F-6316FB886C35}.Debug|ARM64.ActiveCfg = Debug|Any CPU
		{730C1201-1848-4F1E-8C1F-6316FB886C35}.Debug|ARM64.Build.0 = Debug|Any CPU
		{730C1201-1848-4F1E-8C1F-6316FB886C35}.Debug|x64.ActiveCfg = Debug|Any CPU
		{730C1201-1848-4F1E-8C1F-6316FB886C35}.Debug|x64.Build.0 = Debug|Any CPU
		{730C1201-1848-4F1E-8C1F-6316FB886C35}.Debug|x86.ActiveCfg = Debug|Any CPU
		{730C1201-1848-4F1E-8C1F-6316FB886C35}.Debug|x86.Build.0 = Debug|Any CPU
		{730C1201-1848-4F1E-8C1F-6316FB886C35}.Release|Any CPU.ActiveCfg = Release|Any CPU
		{730C1201-1848-4F1E-8C1F-6316FB886C35}.Release|Any CPU.Build.0 = Release|Any CPU
		{730C1201-1848-4F1E-8C1F-6316FB886C35}.Release|ARM.ActiveCfg = Release|Any CPU
		{730C1201-1848-4F1E-8C1F-6316FB886C35}.Release|ARM.Build.0 = Release|Any CPU
		{730C1201-1848-4F1E-8C1F-6316FB886C35}.Release|ARM64.ActiveCfg = Release|Any CPU
		{730C1201-1848-4F1E-8C1F-6316FB886C35}.Release|ARM64.Build.0 = Release|Any CPU
		{730C1201-1848-4F1E-8C1F-6316FB886C35}.Release|x64.ActiveCfg = Release|Any CPU
		{730C1201-1848-4F1E-8C1F-6316FB886C35}.Release|x64.Build.0 = Release|Any CPU
		{730C1201-1848-4F1E-8C1F-6316FB886C35}.Release|x86.ActiveCfg = Release|Any CPU
		{730C1201-1848-4F1E-8C1F-6316FB886C35}.Release|x86.Build.0 = Release|Any CPU
		{1532DB3C-7DCD-45C6-B697-62B8378A16A2}.Debug|Any CPU.ActiveCfg = Debug|Any CPU
		{1532DB3C-7DCD-45C6-B697-62B8378A16A2}.Debug|Any CPU.Build.0 = Debug|Any CPU
		{1532DB3C-7DCD-45C6-B697-62B8378A16A2}.Debug|ARM.ActiveCfg = Debug|Any CPU
		{1532DB3C-7DCD-45C6-B697-62B8378A16A2}.Debug|ARM.Build.0 = Debug|Any CPU
		{1532DB3C-7DCD-45C6-B697-62B8378A16A2}.Debug|ARM64.ActiveCfg = Debug|Any CPU
		{1532DB3C-7DCD-45C6-B697-62B8378A16A2}.Debug|ARM64.Build.0 = Debug|Any CPU
		{1532DB3C-7DCD-45C6-B697-62B8378A16A2}.Debug|x64.ActiveCfg = Debug|Any CPU
		{1532DB3C-7DCD-45C6-B697-62B8378A16A2}.Debug|x64.Build.0 = Debug|Any CPU
		{1532DB3C-7DCD-45C6-B697-62B8378A16A2}.Debug|x86.ActiveCfg = Debug|Any CPU
		{1532DB3C-7DCD-45C6-B697-62B8378A16A2}.Debug|x86.Build.0 = Debug|Any CPU
		{1532DB3C-7DCD-45C6-B697-62B8378A16A2}.Release|Any CPU.ActiveCfg = Release|Any CPU
		{1532DB3C-7DCD-45C6-B697-62B8378A16A2}.Release|Any CPU.Build.0 = Release|Any CPU
		{1532DB3C-7DCD-45C6-B697-62B8378A16A2}.Release|ARM.ActiveCfg = Release|Any CPU
		{1532DB3C-7DCD-45C6-B697-62B8378A16A2}.Release|ARM.Build.0 = Release|Any CPU
		{1532DB3C-7DCD-45C6-B697-62B8378A16A2}.Release|ARM64.ActiveCfg = Release|Any CPU
		{1532DB3C-7DCD-45C6-B697-62B8378A16A2}.Release|ARM64.Build.0 = Release|Any CPU
		{1532DB3C-7DCD-45C6-B697-62B8378A16A2}.Release|x64.ActiveCfg = Release|Any CPU
		{1532DB3C-7DCD-45C6-B697-62B8378A16A2}.Release|x64.Build.0 = Release|Any CPU
		{1532DB3C-7DCD-45C6-B697-62B8378A16A2}.Release|x86.ActiveCfg = Release|Any CPU
		{1532DB3C-7DCD-45C6-B697-62B8378A16A2}.Release|x86.Build.0 = Release|Any CPU
		{365381BB-2A89-4F52-BC66-1BB4A9D514BB}.Debug|Any CPU.ActiveCfg = Debug|Any CPU
		{365381BB-2A89-4F52-BC66-1BB4A9D514BB}.Debug|Any CPU.Build.0 = Debug|Any CPU
		{365381BB-2A89-4F52-BC66-1BB4A9D514BB}.Debug|ARM.ActiveCfg = Debug|Any CPU
		{365381BB-2A89-4F52-BC66-1BB4A9D514BB}.Debug|ARM.Build.0 = Debug|Any CPU
		{365381BB-2A89-4F52-BC66-1BB4A9D514BB}.Debug|ARM64.ActiveCfg = Debug|Any CPU
		{365381BB-2A89-4F52-BC66-1BB4A9D514BB}.Debug|ARM64.Build.0 = Debug|Any CPU
		{365381BB-2A89-4F52-BC66-1BB4A9D514BB}.Debug|x64.ActiveCfg = Debug|Any CPU
		{365381BB-2A89-4F52-BC66-1BB4A9D514BB}.Debug|x64.Build.0 = Debug|Any CPU
		{365381BB-2A89-4F52-BC66-1BB4A9D514BB}.Debug|x86.ActiveCfg = Debug|Any CPU
		{365381BB-2A89-4F52-BC66-1BB4A9D514BB}.Debug|x86.Build.0 = Debug|Any CPU
		{365381BB-2A89-4F52-BC66-1BB4A9D514BB}.Release|Any CPU.ActiveCfg = Release|Any CPU
		{365381BB-2A89-4F52-BC66-1BB4A9D514BB}.Release|Any CPU.Build.0 = Release|Any CPU
		{365381BB-2A89-4F52-BC66-1BB4A9D514BB}.Release|ARM.ActiveCfg = Release|Any CPU
		{365381BB-2A89-4F52-BC66-1BB4A9D514BB}.Release|ARM.Build.0 = Release|Any CPU
		{365381BB-2A89-4F52-BC66-1BB4A9D514BB}.Release|ARM64.ActiveCfg = Release|Any CPU
		{365381BB-2A89-4F52-BC66-1BB4A9D514BB}.Release|ARM64.Build.0 = Release|Any CPU
		{365381BB-2A89-4F52-BC66-1BB4A9D514BB}.Release|x64.ActiveCfg = Release|Any CPU
		{365381BB-2A89-4F52-BC66-1BB4A9D514BB}.Release|x64.Build.0 = Release|Any CPU
		{365381BB-2A89-4F52-BC66-1BB4A9D514BB}.Release|x86.ActiveCfg = Release|Any CPU
		{365381BB-2A89-4F52-BC66-1BB4A9D514BB}.Release|x86.Build.0 = Release|Any CPU
		{D52C65C4-2C7D-45E6-9F5C-6F3A96796018}.Debug|Any CPU.ActiveCfg = Debug|x64
		{D52C65C4-2C7D-45E6-9F5C-6F3A96796018}.Debug|ARM.ActiveCfg = Debug|ARM
		{D52C65C4-2C7D-45E6-9F5C-6F3A96796018}.Debug|ARM.Build.0 = Debug|ARM
		{D52C65C4-2C7D-45E6-9F5C-6F3A96796018}.Debug|ARM64.ActiveCfg = Debug|ARM64
		{D52C65C4-2C7D-45E6-9F5C-6F3A96796018}.Debug|ARM64.Build.0 = Debug|ARM64
		{D52C65C4-2C7D-45E6-9F5C-6F3A96796018}.Debug|x64.ActiveCfg = Debug|x64
		{D52C65C4-2C7D-45E6-9F5C-6F3A96796018}.Debug|x64.Build.0 = Debug|x64
		{D52C65C4-2C7D-45E6-9F5C-6F3A96796018}.Debug|x86.ActiveCfg = Debug|x86
		{D52C65C4-2C7D-45E6-9F5C-6F3A96796018}.Debug|x86.Build.0 = Debug|x86
		{D52C65C4-2C7D-45E6-9F5C-6F3A96796018}.Release|Any CPU.ActiveCfg = Release|x86
		{D52C65C4-2C7D-45E6-9F5C-6F3A96796018}.Release|ARM.ActiveCfg = Release|ARM
		{D52C65C4-2C7D-45E6-9F5C-6F3A96796018}.Release|ARM.Build.0 = Release|ARM
		{D52C65C4-2C7D-45E6-9F5C-6F3A96796018}.Release|ARM64.ActiveCfg = Release|ARM64
		{D52C65C4-2C7D-45E6-9F5C-6F3A96796018}.Release|ARM64.Build.0 = Release|ARM64
		{D52C65C4-2C7D-45E6-9F5C-6F3A96796018}.Release|x64.ActiveCfg = Release|x64
		{D52C65C4-2C7D-45E6-9F5C-6F3A96796018}.Release|x64.Build.0 = Release|x64
		{D52C65C4-2C7D-45E6-9F5C-6F3A96796018}.Release|x86.ActiveCfg = Release|x86
		{D52C65C4-2C7D-45E6-9F5C-6F3A96796018}.Release|x86.Build.0 = Release|x86
		{1576314E-F823-4A24-BC90-22282AB33353}.Debug|Any CPU.ActiveCfg = Debug|Any CPU
		{1576314E-F823-4A24-BC90-22282AB33353}.Debug|Any CPU.Build.0 = Debug|Any CPU
		{1576314E-F823-4A24-BC90-22282AB33353}.Debug|ARM.ActiveCfg = Debug|Any CPU
		{1576314E-F823-4A24-BC90-22282AB33353}.Debug|ARM.Build.0 = Debug|Any CPU
		{1576314E-F823-4A24-BC90-22282AB33353}.Debug|ARM64.ActiveCfg = Debug|Any CPU
		{1576314E-F823-4A24-BC90-22282AB33353}.Debug|ARM64.Build.0 = Debug|Any CPU
		{1576314E-F823-4A24-BC90-22282AB33353}.Debug|x64.ActiveCfg = Debug|Any CPU
		{1576314E-F823-4A24-BC90-22282AB33353}.Debug|x64.Build.0 = Debug|Any CPU
		{1576314E-F823-4A24-BC90-22282AB33353}.Debug|x86.ActiveCfg = Debug|Any CPU
		{1576314E-F823-4A24-BC90-22282AB33353}.Debug|x86.Build.0 = Debug|Any CPU
		{1576314E-F823-4A24-BC90-22282AB33353}.Release|Any CPU.ActiveCfg = Release|Any CPU
		{1576314E-F823-4A24-BC90-22282AB33353}.Release|Any CPU.Build.0 = Release|Any CPU
		{1576314E-F823-4A24-BC90-22282AB33353}.Release|ARM.ActiveCfg = Release|Any CPU
		{1576314E-F823-4A24-BC90-22282AB33353}.Release|ARM.Build.0 = Release|Any CPU
		{1576314E-F823-4A24-BC90-22282AB33353}.Release|ARM64.ActiveCfg = Release|Any CPU
		{1576314E-F823-4A24-BC90-22282AB33353}.Release|ARM64.Build.0 = Release|Any CPU
		{1576314E-F823-4A24-BC90-22282AB33353}.Release|x64.ActiveCfg = Release|Any CPU
		{1576314E-F823-4A24-BC90-22282AB33353}.Release|x64.Build.0 = Release|Any CPU
		{1576314E-F823-4A24-BC90-22282AB33353}.Release|x86.ActiveCfg = Release|Any CPU
		{1576314E-F823-4A24-BC90-22282AB33353}.Release|x86.Build.0 = Release|Any CPU
		{D9972D61-4B43-4007-B983-C02718DD8D33}.Debug|Any CPU.ActiveCfg = Debug|Any CPU
		{D9972D61-4B43-4007-B983-C02718DD8D33}.Debug|Any CPU.Build.0 = Debug|Any CPU
		{D9972D61-4B43-4007-B983-C02718DD8D33}.Debug|ARM.ActiveCfg = Debug|Any CPU
		{D9972D61-4B43-4007-B983-C02718DD8D33}.Debug|ARM.Build.0 = Debug|Any CPU
		{D9972D61-4B43-4007-B983-C02718DD8D33}.Debug|ARM64.ActiveCfg = Debug|Any CPU
		{D9972D61-4B43-4007-B983-C02718DD8D33}.Debug|ARM64.Build.0 = Debug|Any CPU
		{D9972D61-4B43-4007-B983-C02718DD8D33}.Debug|x64.ActiveCfg = Debug|Any CPU
		{D9972D61-4B43-4007-B983-C02718DD8D33}.Debug|x64.Build.0 = Debug|Any CPU
		{D9972D61-4B43-4007-B983-C02718DD8D33}.Debug|x86.ActiveCfg = Debug|Any CPU
		{D9972D61-4B43-4007-B983-C02718DD8D33}.Debug|x86.Build.0 = Debug|Any CPU
		{D9972D61-4B43-4007-B983-C02718DD8D33}.Release|Any CPU.ActiveCfg = Release|Any CPU
		{D9972D61-4B43-4007-B983-C02718DD8D33}.Release|Any CPU.Build.0 = Release|Any CPU
		{D9972D61-4B43-4007-B983-C02718DD8D33}.Release|ARM.ActiveCfg = Release|Any CPU
		{D9972D61-4B43-4007-B983-C02718DD8D33}.Release|ARM.Build.0 = Release|Any CPU
		{D9972D61-4B43-4007-B983-C02718DD8D33}.Release|ARM64.ActiveCfg = Release|Any CPU
		{D9972D61-4B43-4007-B983-C02718DD8D33}.Release|ARM64.Build.0 = Release|Any CPU
		{D9972D61-4B43-4007-B983-C02718DD8D33}.Release|x64.ActiveCfg = Release|Any CPU
		{D9972D61-4B43-4007-B983-C02718DD8D33}.Release|x64.Build.0 = Release|Any CPU
		{D9972D61-4B43-4007-B983-C02718DD8D33}.Release|x86.ActiveCfg = Release|Any CPU
		{D9972D61-4B43-4007-B983-C02718DD8D33}.Release|x86.Build.0 = Release|Any CPU
		{43D41DE9-7CCC-4DCB-A68A-B9099E538125}.Debug|Any CPU.ActiveCfg = Debug|Any CPU
		{43D41DE9-7CCC-4DCB-A68A-B9099E538125}.Debug|Any CPU.Build.0 = Debug|Any CPU
		{43D41DE9-7CCC-4DCB-A68A-B9099E538125}.Debug|ARM.ActiveCfg = Debug|Any CPU
		{43D41DE9-7CCC-4DCB-A68A-B9099E538125}.Debug|ARM.Build.0 = Debug|Any CPU
		{43D41DE9-7CCC-4DCB-A68A-B9099E538125}.Debug|ARM64.ActiveCfg = Debug|Any CPU
		{43D41DE9-7CCC-4DCB-A68A-B9099E538125}.Debug|ARM64.Build.0 = Debug|Any CPU
		{43D41DE9-7CCC-4DCB-A68A-B9099E538125}.Debug|x64.ActiveCfg = Debug|Any CPU
		{43D41DE9-7CCC-4DCB-A68A-B9099E538125}.Debug|x64.Build.0 = Debug|Any CPU
		{43D41DE9-7CCC-4DCB-A68A-B9099E538125}.Debug|x86.ActiveCfg = Debug|Any CPU
		{43D41DE9-7CCC-4DCB-A68A-B9099E538125}.Debug|x86.Build.0 = Debug|Any CPU
		{43D41DE9-7CCC-4DCB-A68A-B9099E538125}.Release|Any CPU.ActiveCfg = Release|Any CPU
		{43D41DE9-7CCC-4DCB-A68A-B9099E538125}.Release|Any CPU.Build.0 = Release|Any CPU
		{43D41DE9-7CCC-4DCB-A68A-B9099E538125}.Release|ARM.ActiveCfg = Release|Any CPU
		{43D41DE9-7CCC-4DCB-A68A-B9099E538125}.Release|ARM.Build.0 = Release|Any CPU
		{43D41DE9-7CCC-4DCB-A68A-B9099E538125}.Release|ARM64.ActiveCfg = Release|Any CPU
		{43D41DE9-7CCC-4DCB-A68A-B9099E538125}.Release|ARM64.Build.0 = Release|Any CPU
		{43D41DE9-7CCC-4DCB-A68A-B9099E538125}.Release|x64.ActiveCfg = Release|Any CPU
		{43D41DE9-7CCC-4DCB-A68A-B9099E538125}.Release|x64.Build.0 = Release|Any CPU
		{43D41DE9-7CCC-4DCB-A68A-B9099E538125}.Release|x86.ActiveCfg = Release|Any CPU
		{43D41DE9-7CCC-4DCB-A68A-B9099E538125}.Release|x86.Build.0 = Release|Any CPU
	EndGlobalSection
	GlobalSection(SolutionProperties) = preSolution
		HideSolutionNode = FALSE
	EndGlobalSection
	GlobalSection(NestedProjects) = preSolution
		{20513BA2-A156-4A17-4C70-5AC2DBD4F833} = {41638A4C-0DAF-47ED-A774-ECBBAC0315D7}
		{6C43BE85-F8C3-4D76-8050-F25CE953A7FD} = {41638A4C-0DAF-47ED-A774-ECBBAC0315D7}
		{730C1201-1848-4F1E-8C1F-6316FB886C35} = {19FAB78C-3351-4911-8F0C-8C6056401740}
		{41638A4C-0DAF-47ED-A774-ECBBAC0315D7} = {19FAB78C-3351-4911-8F0C-8C6056401740}
		{1532DB3C-7DCD-45C6-B697-62B8378A16A2} = {41638A4C-0DAF-47ED-A774-ECBBAC0315D7}
		{365381BB-2A89-4F52-BC66-1BB4A9D514BB} = {19FAB78C-3351-4911-8F0C-8C6056401740}
		{D52C65C4-2C7D-45E6-9F5C-6F3A96796018} = {41638A4C-0DAF-47ED-A774-ECBBAC0315D7}
		{B62728C8-1267-4043-B46F-5537BBAEC692} = {19FAB78C-3351-4911-8F0C-8C6056401740}
		{1576314E-F823-4A24-BC90-22282AB33353} = {B62728C8-1267-4043-B46F-5537BBAEC692}
		{D9972D61-4B43-4007-B983-C02718DD8D33} = {B62728C8-1267-4043-B46F-5537BBAEC692}
		{43D41DE9-7CCC-4DCB-A68A-B9099E538125} = {B62728C8-1267-4043-B46F-5537BBAEC692}
	EndGlobalSection
	GlobalSection(ExtensibilityGlobals) = postSolution
		SolutionGuid = {46465737-C938-44FC-BE1A-4CE139EBB5E0}
	EndGlobalSection
EndGlobal
