Microsoft Visual Studio Solution File, Format Version 12.00
# Visual Studio Version 16
VisualStudioVersion = 16.0.29613.14
MinimumVisualStudioVersion = 15.0.26124.0
Project("{9A19103F-16F7-4668-BE54-9A1E7A4F7556}") = "SymbolTestApp", "SymbolTestApp\SymbolTestApp.csproj", "{EB291C94-C60E-4AE6-AEA0-B7EEF86F00AD}"
EndProject
Project("{9A19103F-16F7-4668-BE54-9A1E7A4F7556}") = "SymbolTestDll", "SymbolTestDll\SymbolTestDll.csproj", "{53E66227-71BB-4300-9BE9-56CE570B28F8}"
EndProject
Global
	GlobalSection(SolutionConfigurationPlatforms) = preSolution
		Debug|Any CPU = Debug|Any CPU
		Debug|x64 = Debug|x64
		Debug|x86 = Debug|x86
		Release|Any CPU = Release|Any CPU
		Release|x64 = Release|x64
		Release|x86 = Release|x86
	EndGlobalSection
	GlobalSection(ProjectConfigurationPlatforms) = postSolution
		{EB291C94-C60E-4AE6-AEA0-B7EEF86F00AD}.Debug|Any CPU.ActiveCfg = Debug|Any CPU
		{EB291C94-C60E-4AE6-AEA0-B7EEF86F00AD}.Debug|Any CPU.Build.0 = Debug|Any CPU
		{EB291C94-C60E-4AE6-AEA0-B7EEF86F00AD}.Debug|x64.ActiveCfg = Debug|Any CPU
		{EB291C94-C60E-4AE6-AEA0-B7EEF86F00AD}.Debug|x64.Build.0 = Debug|Any CPU
		{EB291C94-C60E-4AE6-AEA0-B7EEF86F00AD}.Debug|x86.ActiveCfg = Debug|Any CPU
		{EB291C94-C60E-4AE6-AEA0-B7EEF86F00AD}.Debug|x86.Build.0 = Debug|Any CPU
		{EB291C94-C60E-4AE6-AEA0-B7EEF86F00AD}.Release|Any CPU.ActiveCfg = Release|Any CPU
		{EB291C94-C60E-4AE6-AEA0-B7EEF86F00AD}.Release|Any CPU.Build.0 = Release|Any CPU
		{EB291C94-C60E-4AE6-AEA0-B7EEF86F00AD}.Release|x64.ActiveCfg = Release|Any CPU
		{EB291C94-C60E-4AE6-AEA0-B7EEF86F00AD}.Release|x64.Build.0 = Release|Any CPU
		{EB291C94-C60E-4AE6-AEA0-B7EEF86F00AD}.Release|x86.ActiveCfg = Release|Any CPU
		{EB291C94-C60E-4AE6-AEA0-B7EEF86F00AD}.Release|x86.Build.0 = Release|Any CPU
		{53E66227-71BB-4300-9BE9-56CE570B28F8}.Debug|Any CPU.ActiveCfg = Debug|Any CPU
		{53E66227-71BB-4300-9BE9-56CE570B28F8}.Debug|Any CPU.Build.0 = Debug|Any CPU
		{53E66227-71BB-4300-9BE9-56CE570B28F8}.Debug|x64.ActiveCfg = Debug|Any CPU
		{53E66227-71BB-4300-9BE9-56CE570B28F8}.Debug|x64.Build.0 = Debug|Any CPU
		{53E66227-71BB-4300-9BE9-56CE570B28F8}.Debug|x86.ActiveCfg = Debug|Any CPU
		{53E66227-71BB-4300-9BE9-56CE570B28F8}.Debug|x86.Build.0 = Debug|Any CPU
		{53E66227-71BB-4300-9BE9-56CE570B28F8}.Release|Any CPU.ActiveCfg = Release|Any CPU
		{53E66227-71BB-4300-9BE9-56CE570B28F8}.Release|Any CPU.Build.0 = Release|Any CPU
		{53E66227-71BB-4300-9BE9-56CE570B28F8}.Release|x64.ActiveCfg = Release|Any CPU
		{53E66227-71BB-4300-9BE9-56CE570B28F8}.Release|x64.Build.0 = Release|Any CPU
		{53E66227-71BB-4300-9BE9-56CE570B28F8}.Release|x86.ActiveCfg = Release|Any CPU
		{53E66227-71BB-4300-9BE9-56CE570B28F8}.Release|x86.Build.0 = Release|Any CPU
	EndGlobalSection
	GlobalSection(SolutionProperties) = preSolution
		HideSolutionNode = FALSE
	EndGlobalSection
	GlobalSection(ExtensibilityGlobals) = postSolution
		SolutionGuid = {42F03860-BFB4-49ED-900B-0C32D06E0B53}
	EndGlobalSection
EndGlobal
